// !$*UTF8*$!
{
	archiveVersion = 1;
	classes = {
	};
	objectVersion = 56;
	objects = {

/* Begin PBXBuildFile section */
		058557BB273AAA24004C7B11 /* Assets.xcassets in Resources */ = {isa = PBXBuildFile; fileRef = 058557BA273AAA24004C7B11 /* Assets.xcassets */; };
		058557D9273AAEEB004C7B11 /* Preview Assets.xcassets in Resources */ = {isa = PBXBuildFile; fileRef = 058557D8273AAEEB004C7B11 /* Preview Assets.xcassets */; };
		2152FB042600AC8F00CF470E /* iOSApp.swift in Sources */ = {isa = PBXBuildFile; fileRef = 2152FB032600AC8F00CF470E /* iOSApp.swift */; };
		3E0CE1B42D95375800B97630 /* BindingExtension.swift in Sources */ = {isa = PBXBuildFile; fileRef = 3E0CE1B32D95375100B97630 /* BindingExtension.swift */; };
		3E0CE1B72D953F4B00B97630 /* RegisterScreen.swift in Sources */ = {isa = PBXBuildFile; fileRef = 3E0CE1B62D953F3F00B97630 /* RegisterScreen.swift */; };
		3E2599BB2D93F06E009CDC00 /* LivingLinkErrorExtension.swift in Sources */ = {isa = PBXBuildFile; fileRef = 3E2599BA2D93F067009CDC00 /* LivingLinkErrorExtension.swift */; };
		3E2599BD2D93F0C1009CDC00 /* LoadbaleStatefulView.swift in Sources */ = {isa = PBXBuildFile; fileRef = 3E2599BC2D93F0BE009CDC00 /* LoadbaleStatefulView.swift */; };
		3E2599BF2D93F117009CDC00 /* SettingsScreen.swift in Sources */ = {isa = PBXBuildFile; fileRef = 3E2599BE2D93F116009CDC00 /* SettingsScreen.swift */; };
		3E2599C12D9400DA009CDC00 /* IosNavigator.swift in Sources */ = {isa = PBXBuildFile; fileRef = 3E2599C02D9400D4009CDC00 /* IosNavigator.swift */; };
		3E36E9FF2DDBB13500369930 /* ShoppingListListEmptyScreen.swift in Sources */ = {isa = PBXBuildFile; fileRef = 3E36E9FE2DDBB13500369930 /* ShoppingListListEmptyScreen.swift */; };
		3E36EA022DDBB28A00369930 /* ShoppingListListScreenScaffoldModifier.swift in Sources */ = {isa = PBXBuildFile; fileRef = 3E36EA012DDBB28A00369930 /* ShoppingListListScreenScaffoldModifier.swift */; };
		3E36EA042DDBB41700369930 /* ShoppingListListContentScreen.swift in Sources */ = {isa = PBXBuildFile; fileRef = 3E36EA032DDBB41700369930 /* ShoppingListListContentScreen.swift */; };
		3E36EA062DDBBB9700369930 /* ShoppingListListItemCard.swift in Sources */ = {isa = PBXBuildFile; fileRef = 3E36EA052DDBBB9700369930 /* ShoppingListListItemCard.swift */; };
		3E36EA0D2DDBBFF600369930 /* GroupListEmptyScreen.swift in Sources */ = {isa = PBXBuildFile; fileRef = 3E36EA0C2DDBBFF600369930 /* GroupListEmptyScreen.swift */; };
		3E36EA0F2DDBC0A300369930 /* GroupListContentScreen.swift in Sources */ = {isa = PBXBuildFile; fileRef = 3E36EA0E2DDBC0A300369930 /* GroupListContentScreen.swift */; };
		3E36EA112DDBC14F00369930 /* GroupListGroupCard.swift in Sources */ = {isa = PBXBuildFile; fileRef = 3E36EA102DDBC14F00369930 /* GroupListGroupCard.swift */; };
		3E36EA132DDBC21D00369930 /* GroupListScaffoldModifier.swift in Sources */ = {isa = PBXBuildFile; fileRef = 3E36EA122DDBC21300369930 /* GroupListScaffoldModifier.swift */; };
		3E36EA162DDBC4A500369930 /* SettingsContentScreen.swift in Sources */ = {isa = PBXBuildFile; fileRef = 3E36EA152DDBC4A500369930 /* SettingsContentScreen.swift */; };
		3E36EA192DDBC5C500369930 /* LoginContentScreen.swift in Sources */ = {isa = PBXBuildFile; fileRef = 3E36EA182DDBC5C500369930 /* LoginContentScreen.swift */; };
		3E36EA1C2DDBC73600369930 /* RegisterContentScreen.swift in Sources */ = {isa = PBXBuildFile; fileRef = 3E36EA1B2DDBC73500369930 /* RegisterContentScreen.swift */; };
		3E36EA252DDBCF2B00369930 /* SwiftFormat in Frameworks */ = {isa = PBXBuildFile; productRef = 3E36EA242DDBCF2B00369930 /* SwiftFormat */; };
		3E4B988D2E236D6700E76837 /* GroupRemoveMemberConfirmationAlert.swift in Sources */ = {isa = PBXBuildFile; fileRef = 3E4B988C2E236D6600E76837 /* GroupRemoveMemberConfirmationAlert.swift */; };
		3E4B988F2E236D7F00E76837 /* GroupMakeAdminConfirmationAlert.swift in Sources */ = {isa = PBXBuildFile; fileRef = 3E4B988E2E236D7E00E76837 /* GroupMakeAdminConfirmationAlert.swift */; };
		3E5A65562DB5A94C007A66A8 /* GroupListScreen.swift in Sources */ = {isa = PBXBuildFile; fileRef = 3E5A65552DB5A945007A66A8 /* GroupListScreen.swift */; };
		3E5D4F502DD7CD1500A4C150 /* ShoppingListListScreen.swift in Sources */ = {isa = PBXBuildFile; fileRef = 3E5D4F4F2DD7CD1400A4C150 /* ShoppingListListScreen.swift */; };
		3E773E932D94388000434B2D /* ViewExtension.swift in Sources */ = {isa = PBXBuildFile; fileRef = 3E773E922D94387A00434B2D /* ViewExtension.swift */; };
		3E7A4FDE2E311A7A00303AB2 /* MultiPicker in Frameworks */ = {isa = PBXBuildFile; productRef = 3E7A4FDD2E311A7A00303AB2 /* MultiPicker */; };
		3E9A64F02E1BB2AB00B2D61B /* TaskBoardListScreen.swift in Sources */ = {isa = PBXBuildFile; fileRef = 3E9A64EF2E1BB2A800B2D61B /* TaskBoardListScreen.swift */; };
		3E9A64F42E1BB38300B2D61B /* TaskBoardListEmptyScreen.swift in Sources */ = {isa = PBXBuildFile; fileRef = 3E9A64F32E1BB38100B2D61B /* TaskBoardListEmptyScreen.swift */; };
		3E9A64F62E1BB3AB00B2D61B /* TaskBoardListScreenScaffoldModifier.swift in Sources */ = {isa = PBXBuildFile; fileRef = 3E9A64F52E1BB3A900B2D61B /* TaskBoardListScreenScaffoldModifier.swift */; };
		3E9A64F82E1BB3CB00B2D61B /* TaskBoardListContentScreen.swift in Sources */ = {isa = PBXBuildFile; fileRef = 3E9A64F72E1BB3C900B2D61B /* TaskBoardListContentScreen.swift */; };
		3E9A64FA2E1BB3E700B2D61B /* TaskBoardListItemCard.swift in Sources */ = {isa = PBXBuildFile; fileRef = 3E9A64F92E1BB3E500B2D61B /* TaskBoardListItemCard.swift */; };
		3E9A64FC2E1BBA5600B2D61B /* ModalBottomSheet.swift in Sources */ = {isa = PBXBuildFile; fileRef = 3E9A64FB2E1BBA5500B2D61B /* ModalBottomSheet.swift */; };
		3E9A64FE2E1BFD9200B2D61B /* CustomTextEditor.swift in Sources */ = {isa = PBXBuildFile; fileRef = 3E9A64FD2E1BFD9100B2D61B /* CustomTextEditor.swift */; };
		3EA3E57D2E211D68009D197A /* GroupSettingsScreen.swift in Sources */ = {isa = PBXBuildFile; fileRef = 3EA3E57C2E211D60009D197A /* GroupSettingsScreen.swift */; };
		3EA3E57F2E211E81009D197A /* GroupSettingsContentScreen.swift in Sources */ = {isa = PBXBuildFile; fileRef = 3EA3E57E2E211E70009D197A /* GroupSettingsContentScreen.swift */; };
		3EABCD312E1103F50067A6E0 /* KotlinFlowExtension.swift in Sources */ = {isa = PBXBuildFile; fileRef = 3EABCD302E1103E80067A6E0 /* KotlinFlowExtension.swift */; };
		3EBEBF6B2D90340D003DF183 /* I18n4kExtension.swift in Sources */ = {isa = PBXBuildFile; fileRef = 3EBEBF6A2D9033FC003DF183 /* I18n4kExtension.swift */; };
		3EBEBF6D2D90463D003DF183 /* LoginScreen.swift in Sources */ = {isa = PBXBuildFile; fileRef = 3EBEBF6C2D90463B003DF183 /* LoginScreen.swift */; };
		3EBEBF712D90706C003DF183 /* DesignSystem.swift in Sources */ = {isa = PBXBuildFile; fileRef = 3EBEBF702D90706B003DF183 /* DesignSystem.swift */; };
		3EC4CD082DCC56120044A642 /* GroupDetailScreen.swift in Sources */ = {isa = PBXBuildFile; fileRef = 3EC4CD072DCC560D0044A642 /* GroupDetailScreen.swift */; };
		3ECB4A092E10061D00E5C540 /* InvisibleAlertHost.swift in Sources */ = {isa = PBXBuildFile; fileRef = 3ECB4A082E10061C00E5C540 /* InvisibleAlertHost.swift */; };
		3ECB4A0C2E107D8D00E5C540 /* ShoppingDetailItemScreen.swift in Sources */ = {isa = PBXBuildFile; fileRef = 3ECB4A0B2E107D8200E5C540 /* ShoppingDetailItemScreen.swift */; };
		3ECB4A0E2E107E7200E5C540 /* ShoppingListDetailContentScreen.swift in Sources */ = {isa = PBXBuildFile; fileRef = 3ECB4A0D2E107E6A00E5C540 /* ShoppingListDetailContentScreen.swift */; };
		3ECB4A102E107FD000E5C540 /* ShoppingListDetailEventHistoryItem.swift in Sources */ = {isa = PBXBuildFile; fileRef = 3ECB4A0F2E107FCF00E5C540 /* ShoppingListDetailEventHistoryItem.swift */; };
		3ECD5E0E2DB62ADB00CA329F /* TextFieldAlertModifier.swift in Sources */ = {isa = PBXBuildFile; fileRef = 3ECD5E0D2DB62ADA00CA329F /* TextFieldAlertModifier.swift */; };
		3EE42FCF2E1A456700CDC3BC /* GroupDeleteConfirmationAlert.swift in Sources */ = {isa = PBXBuildFile; fileRef = 3EE42FCE2E1A456500CDC3BC /* GroupDeleteConfirmationAlert.swift */; };
		3EE42FD12E1A459900CDC3BC /* GroupInviteCodeSheet.swift in Sources */ = {isa = PBXBuildFile; fileRef = 3EE42FD02E1A459300CDC3BC /* GroupInviteCodeSheet.swift */; };
		3EE7E9D32E31478D005628CC /* CustomMultiPicker.swift in Sources */ = {isa = PBXBuildFile; fileRef = 3EE7E9D22E31478B005628CC /* CustomMultiPicker.swift */; };
		3EE7E9D52E316E30005628CC /* TaskBoardListAddTaskSheet.swift in Sources */ = {isa = PBXBuildFile; fileRef = 3EE7E9D42E316E2E005628CC /* TaskBoardListAddTaskSheet.swift */; };
		3EEC02402DB3685F0059D973 /* StateFlowCollector.swift in Sources */ = {isa = PBXBuildFile; fileRef = 3EEC023F2DB3685D0059D973 /* StateFlowCollector.swift */; };
		3EEEF8182D8F53B100FE7D80 /* KotlinStateFlowExtension.swift in Sources */ = {isa = PBXBuildFile; fileRef = 3EEEF8172D8F53A300FE7D80 /* KotlinStateFlowExtension.swift */; };
		3EEEF81A2D8F541500FE7D80 /* StatefulView.swift in Sources */ = {isa = PBXBuildFile; fileRef = 3EEEF8192D8F540700FE7D80 /* StatefulView.swift */; };
		3EEEF81E2D8F6C3800FE7D80 /* CustomTextField.swift in Sources */ = {isa = PBXBuildFile; fileRef = 3EEEF81D2D8F6C3700FE7D80 /* CustomTextField.swift */; };
		3EEEF8202D8F6C5D00FE7D80 /* CustomSecureField.swift in Sources */ = {isa = PBXBuildFile; fileRef = 3EEEF81F2D8F6C5B00FE7D80 /* CustomSecureField.swift */; };
		3EF1AAA22E1A99B100ABCDE /* GroupLeaveConfirmationAlert.swift in Sources */ = {isa = PBXBuildFile; fileRef = 3EF1AAA12E1A99B000ABCDE /* GroupLeaveConfirmationAlert.swift */; };
		7555FF83242A565900829871 /* ContentComposeView.swift in Sources */ = {isa = PBXBuildFile; fileRef = 7555FF82242A565900829871 /* ContentComposeView.swift */; };
/* End PBXBuildFile section */

/* Begin PBXFileReference section */
		058557BA273AAA24004C7B11 /* Assets.xcassets */ = {isa = PBXFileReference; lastKnownFileType = folder.assetcatalog; path = Assets.xcassets; sourceTree = "<group>"; };
		058557D8273AAEEB004C7B11 /* Preview Assets.xcassets */ = {isa = PBXFileReference; lastKnownFileType = folder.assetcatalog; path = "Preview Assets.xcassets"; sourceTree = "<group>"; };
		2152FB032600AC8F00CF470E /* iOSApp.swift */ = {isa = PBXFileReference; lastKnownFileType = sourcecode.swift; path = iOSApp.swift; sourceTree = "<group>"; };
		3E0CE1B32D95375100B97630 /* BindingExtension.swift */ = {isa = PBXFileReference; lastKnownFileType = sourcecode.swift; path = BindingExtension.swift; sourceTree = "<group>"; };
		3E0CE1B62D953F3F00B97630 /* RegisterScreen.swift */ = {isa = PBXFileReference; lastKnownFileType = sourcecode.swift; path = RegisterScreen.swift; sourceTree = "<group>"; };
		3E2599BA2D93F067009CDC00 /* LivingLinkErrorExtension.swift */ = {isa = PBXFileReference; lastKnownFileType = sourcecode.swift; path = LivingLinkErrorExtension.swift; sourceTree = "<group>"; };
		3E2599BC2D93F0BE009CDC00 /* LoadbaleStatefulView.swift */ = {isa = PBXFileReference; lastKnownFileType = sourcecode.swift; path = LoadbaleStatefulView.swift; sourceTree = "<group>"; };
		3E2599BE2D93F116009CDC00 /* SettingsScreen.swift */ = {isa = PBXFileReference; lastKnownFileType = sourcecode.swift; path = SettingsScreen.swift; sourceTree = "<group>"; };
		3E2599C02D9400D4009CDC00 /* IosNavigator.swift */ = {isa = PBXFileReference; lastKnownFileType = sourcecode.swift; path = IosNavigator.swift; sourceTree = "<group>"; };
		3E36E9FE2DDBB13500369930 /* ShoppingListListEmptyScreen.swift */ = {isa = PBXFileReference; lastKnownFileType = sourcecode.swift; path = ShoppingListListEmptyScreen.swift; sourceTree = "<group>"; };
		3E36EA012DDBB28A00369930 /* ShoppingListListScreenScaffoldModifier.swift */ = {isa = PBXFileReference; lastKnownFileType = sourcecode.swift; path = ShoppingListListScreenScaffoldModifier.swift; sourceTree = "<group>"; };
		3E36EA032DDBB41700369930 /* ShoppingListListContentScreen.swift */ = {isa = PBXFileReference; lastKnownFileType = sourcecode.swift; path = ShoppingListListContentScreen.swift; sourceTree = "<group>"; };
		3E36EA052DDBBB9700369930 /* ShoppingListListItemCard.swift */ = {isa = PBXFileReference; lastKnownFileType = sourcecode.swift; path = ShoppingListListItemCard.swift; sourceTree = "<group>"; };
		3E36EA0C2DDBBFF600369930 /* GroupListEmptyScreen.swift */ = {isa = PBXFileReference; lastKnownFileType = sourcecode.swift; path = GroupListEmptyScreen.swift; sourceTree = "<group>"; };
		3E36EA0E2DDBC0A300369930 /* GroupListContentScreen.swift */ = {isa = PBXFileReference; lastKnownFileType = sourcecode.swift; path = GroupListContentScreen.swift; sourceTree = "<group>"; };
		3E36EA102DDBC14F00369930 /* GroupListGroupCard.swift */ = {isa = PBXFileReference; lastKnownFileType = sourcecode.swift; path = GroupListGroupCard.swift; sourceTree = "<group>"; };
		3E36EA122DDBC21300369930 /* GroupListScaffoldModifier.swift */ = {isa = PBXFileReference; lastKnownFileType = sourcecode.swift; path = GroupListScaffoldModifier.swift; sourceTree = "<group>"; };
		3E36EA152DDBC4A500369930 /* SettingsContentScreen.swift */ = {isa = PBXFileReference; lastKnownFileType = sourcecode.swift; path = SettingsContentScreen.swift; sourceTree = "<group>"; };
		3E36EA182DDBC5C500369930 /* LoginContentScreen.swift */ = {isa = PBXFileReference; lastKnownFileType = sourcecode.swift; path = LoginContentScreen.swift; sourceTree = "<group>"; };
		3E36EA1B2DDBC73500369930 /* RegisterContentScreen.swift */ = {isa = PBXFileReference; lastKnownFileType = sourcecode.swift; path = RegisterContentScreen.swift; sourceTree = "<group>"; };
		3E4B988C2E236D6600E76837 /* GroupRemoveMemberConfirmationAlert.swift */ = {isa = PBXFileReference; lastKnownFileType = sourcecode.swift; path = GroupRemoveMemberConfirmationAlert.swift; sourceTree = "<group>"; };
		3E4B988E2E236D7E00E76837 /* GroupMakeAdminConfirmationAlert.swift */ = {isa = PBXFileReference; lastKnownFileType = sourcecode.swift; path = GroupMakeAdminConfirmationAlert.swift; sourceTree = "<group>"; };
		3E5A65552DB5A945007A66A8 /* GroupListScreen.swift */ = {isa = PBXFileReference; lastKnownFileType = sourcecode.swift; path = GroupListScreen.swift; sourceTree = "<group>"; };
		3E5D4F4F2DD7CD1400A4C150 /* ShoppingListListScreen.swift */ = {isa = PBXFileReference; lastKnownFileType = sourcecode.swift; path = ShoppingListListScreen.swift; sourceTree = "<group>"; };
		3E773E922D94387A00434B2D /* ViewExtension.swift */ = {isa = PBXFileReference; lastKnownFileType = sourcecode.swift; path = ViewExtension.swift; sourceTree = "<group>"; };
		3E9A64EF2E1BB2A800B2D61B /* TaskBoardListScreen.swift */ = {isa = PBXFileReference; lastKnownFileType = sourcecode.swift; path = TaskBoardListScreen.swift; sourceTree = "<group>"; };
		3E9A64F32E1BB38100B2D61B /* TaskBoardListEmptyScreen.swift */ = {isa = PBXFileReference; lastKnownFileType = sourcecode.swift; path = TaskBoardListEmptyScreen.swift; sourceTree = "<group>"; };
		3E9A64F52E1BB3A900B2D61B /* TaskBoardListScreenScaffoldModifier.swift */ = {isa = PBXFileReference; lastKnownFileType = sourcecode.swift; path = TaskBoardListScreenScaffoldModifier.swift; sourceTree = "<group>"; };
		3E9A64F72E1BB3C900B2D61B /* TaskBoardListContentScreen.swift */ = {isa = PBXFileReference; lastKnownFileType = sourcecode.swift; path = TaskBoardListContentScreen.swift; sourceTree = "<group>"; };
		3E9A64F92E1BB3E500B2D61B /* TaskBoardListItemCard.swift */ = {isa = PBXFileReference; lastKnownFileType = sourcecode.swift; path = TaskBoardListItemCard.swift; sourceTree = "<group>"; };
		3E9A64FB2E1BBA5500B2D61B /* ModalBottomSheet.swift */ = {isa = PBXFileReference; lastKnownFileType = sourcecode.swift; path = ModalBottomSheet.swift; sourceTree = "<group>"; };
		3E9A64FD2E1BFD9100B2D61B /* CustomTextEditor.swift */ = {isa = PBXFileReference; lastKnownFileType = sourcecode.swift; path = CustomTextEditor.swift; sourceTree = "<group>"; };
		3EA3E57C2E211D60009D197A /* GroupSettingsScreen.swift */ = {isa = PBXFileReference; lastKnownFileType = sourcecode.swift; path = GroupSettingsScreen.swift; sourceTree = "<group>"; };
		3EA3E57E2E211E70009D197A /* GroupSettingsContentScreen.swift */ = {isa = PBXFileReference; lastKnownFileType = sourcecode.swift; path = GroupSettingsContentScreen.swift; sourceTree = "<group>"; };
		3EABCD302E1103E80067A6E0 /* KotlinFlowExtension.swift */ = {isa = PBXFileReference; lastKnownFileType = sourcecode.swift; path = KotlinFlowExtension.swift; sourceTree = "<group>"; };
		3EBEBF6A2D9033FC003DF183 /* I18n4kExtension.swift */ = {isa = PBXFileReference; lastKnownFileType = sourcecode.swift; path = I18n4kExtension.swift; sourceTree = "<group>"; };
		3EBEBF6C2D90463B003DF183 /* LoginScreen.swift */ = {isa = PBXFileReference; lastKnownFileType = sourcecode.swift; path = LoginScreen.swift; sourceTree = "<group>"; };
		3EBEBF702D90706B003DF183 /* DesignSystem.swift */ = {isa = PBXFileReference; lastKnownFileType = sourcecode.swift; path = DesignSystem.swift; sourceTree = "<group>"; };
		3EC4CD072DCC560D0044A642 /* GroupDetailScreen.swift */ = {isa = PBXFileReference; lastKnownFileType = sourcecode.swift; path = GroupDetailScreen.swift; sourceTree = "<group>"; };
		3ECB4A082E10061C00E5C540 /* InvisibleAlertHost.swift */ = {isa = PBXFileReference; lastKnownFileType = sourcecode.swift; path = InvisibleAlertHost.swift; sourceTree = "<group>"; };
		3ECB4A0B2E107D8200E5C540 /* ShoppingDetailItemScreen.swift */ = {isa = PBXFileReference; lastKnownFileType = sourcecode.swift; path = ShoppingDetailItemScreen.swift; sourceTree = "<group>"; };
		3ECB4A0D2E107E6A00E5C540 /* ShoppingListDetailContentScreen.swift */ = {isa = PBXFileReference; lastKnownFileType = sourcecode.swift; path = ShoppingListDetailContentScreen.swift; sourceTree = "<group>"; };
		3ECB4A0F2E107FCF00E5C540 /* ShoppingListDetailEventHistoryItem.swift */ = {isa = PBXFileReference; lastKnownFileType = sourcecode.swift; path = ShoppingListDetailEventHistoryItem.swift; sourceTree = "<group>"; };
		3ECD5E0D2DB62ADA00CA329F /* TextFieldAlertModifier.swift */ = {isa = PBXFileReference; lastKnownFileType = sourcecode.swift; path = TextFieldAlertModifier.swift; sourceTree = "<group>"; };
		3EE42FCE2E1A456500CDC3BC /* GroupDeleteConfirmationAlert.swift */ = {isa = PBXFileReference; lastKnownFileType = sourcecode.swift; path = GroupDeleteConfirmationAlert.swift; sourceTree = "<group>"; };
		3EE42FD02E1A459300CDC3BC /* GroupInviteCodeSheet.swift */ = {isa = PBXFileReference; lastKnownFileType = sourcecode.swift; path = GroupInviteCodeSheet.swift; sourceTree = "<group>"; };
		3EE7E9D22E31478B005628CC /* CustomMultiPicker.swift */ = {isa = PBXFileReference; lastKnownFileType = sourcecode.swift; path = CustomMultiPicker.swift; sourceTree = "<group>"; };
		3EE7E9D42E316E2E005628CC /* TaskBoardListAddTaskSheet.swift */ = {isa = PBXFileReference; lastKnownFileType = sourcecode.swift; path = TaskBoardListAddTaskSheet.swift; sourceTree = "<group>"; };
		3EEC023F2DB3685D0059D973 /* StateFlowCollector.swift */ = {isa = PBXFileReference; lastKnownFileType = sourcecode.swift; path = StateFlowCollector.swift; sourceTree = "<group>"; };
		3EEEF8172D8F53A300FE7D80 /* KotlinStateFlowExtension.swift */ = {isa = PBXFileReference; lastKnownFileType = sourcecode.swift; path = KotlinStateFlowExtension.swift; sourceTree = "<group>"; };
		3EEEF8192D8F540700FE7D80 /* StatefulView.swift */ = {isa = PBXFileReference; lastKnownFileType = sourcecode.swift; path = StatefulView.swift; sourceTree = "<group>"; };
		3EEEF81D2D8F6C3700FE7D80 /* CustomTextField.swift */ = {isa = PBXFileReference; lastKnownFileType = sourcecode.swift; path = CustomTextField.swift; sourceTree = "<group>"; };
		3EEEF81F2D8F6C5B00FE7D80 /* CustomSecureField.swift */ = {isa = PBXFileReference; lastKnownFileType = sourcecode.swift; path = CustomSecureField.swift; sourceTree = "<group>"; };
		3EF1AAA12E1A99B000ABCDE /* GroupLeaveConfirmationAlert.swift */ = {isa = PBXFileReference; lastKnownFileType = sourcecode.swift; path = GroupLeaveConfirmationAlert.swift; sourceTree = "<group>"; };
		7555FF7B242A565900829871 /* LivingLink.app */ = {isa = PBXFileReference; explicitFileType = wrapper.application; includeInIndex = 0; path = LivingLink.app; sourceTree = BUILT_PRODUCTS_DIR; };
		7555FF82242A565900829871 /* ContentComposeView.swift */ = {isa = PBXFileReference; lastKnownFileType = sourcecode.swift; path = ContentComposeView.swift; sourceTree = "<group>"; };
		7555FF8C242A565B00829871 /* Info.plist */ = {isa = PBXFileReference; lastKnownFileType = text.plist.xml; path = Info.plist; sourceTree = "<group>"; };
		AB3632DC29227652001CCB65 /* Config.xcconfig */ = {isa = PBXFileReference; fileEncoding = 4; lastKnownFileType = text.xcconfig; path = Config.xcconfig; sourceTree = "<group>"; };
/* End PBXFileReference section */

/* Begin PBXFrameworksBuildPhase section */
		B92378962B6B1156000C7307 /* Frameworks */ = {
			isa = PBXFrameworksBuildPhase;
			buildActionMask = 2147483647;
			files = (
				3E7A4FDE2E311A7A00303AB2 /* MultiPicker in Frameworks */,
				3E36EA252DDBCF2B00369930 /* SwiftFormat in Frameworks */,
			);
			runOnlyForDeploymentPostprocessing = 0;
		};
/* End PBXFrameworksBuildPhase section */

/* Begin PBXGroup section */
		058557D7273AAEEB004C7B11 /* Preview Content */ = {
			isa = PBXGroup;
			children = (
				058557D8273AAEEB004C7B11 /* Preview Assets.xcassets */,
			);
			path = "Preview Content";
			sourceTree = "<group>";
		};
		3E36EA142DDBC48500369930 /* SettingsScreen */ = {
			isa = PBXGroup;
			children = (
				3E2599BE2D93F116009CDC00 /* SettingsScreen.swift */,
				3E36EA152DDBC4A500369930 /* SettingsContentScreen.swift */,
			);
			path = SettingsScreen;
			sourceTree = "<group>";
		};
		3E36EA172DDBC58F00369930 /* LoginScreen */ = {
			isa = PBXGroup;
			children = (
				3EBEBF6C2D90463B003DF183 /* LoginScreen.swift */,
				3E36EA182DDBC5C500369930 /* LoginContentScreen.swift */,
			);
			path = LoginScreen;
			sourceTree = "<group>";
		};
		3E36EA1A2DDBC6CF00369930 /* RegisterScreen */ = {
			isa = PBXGroup;
			children = (
				3E36EA1B2DDBC73500369930 /* RegisterContentScreen.swift */,
				3E0CE1B62D953F3F00B97630 /* RegisterScreen.swift */,
			);
			path = RegisterScreen;
			sourceTree = "<group>";
		};
		3E9A64ED2E1BB28500B2D61B /* TaskBoard */ = {
			isa = PBXGroup;
			children = (
				3E9A64EE2E1BB29200B2D61B /* List */,
			);
			path = TaskBoard;
			sourceTree = "<group>";
		};
		3E9A64EE2E1BB29200B2D61B /* List */ = {
			isa = PBXGroup;
			children = (
				3EE7E9D42E316E2E005628CC /* TaskBoardListAddTaskSheet.swift */,
				3E9A64F92E1BB3E500B2D61B /* TaskBoardListItemCard.swift */,
				3E9A64F72E1BB3C900B2D61B /* TaskBoardListContentScreen.swift */,
				3E9A64F52E1BB3A900B2D61B /* TaskBoardListScreenScaffoldModifier.swift */,
				3E9A64F32E1BB38100B2D61B /* TaskBoardListEmptyScreen.swift */,
				3E9A64EF2E1BB2A800B2D61B /* TaskBoardListScreen.swift */,
			);
			path = List;
			sourceTree = "<group>";
		};
		3EA3E57B2E211D48009D197A /* Settings */ = {
			isa = PBXGroup;
			children = (
				3EA3E57E2E211E70009D197A /* GroupSettingsContentScreen.swift */,
				3EA3E57C2E211D60009D197A /* GroupSettingsScreen.swift */,
			);
			path = Settings;
			sourceTree = "<group>";
		};
		3EE42FCA2E1A436D00CDC3BC /* Groups */ = {
			isa = PBXGroup;
			children = (
				3EE42FCC2E1A438900CDC3BC /* Common */,
				3EE42FCB2E1A438100CDC3BC /* Detail */,
				3EE42FCD2E1A439100CDC3BC /* List */,
				3EA3E57B2E211D48009D197A /* Settings */,
			);
			path = Groups;
			sourceTree = "<group>";
		};
		3EE42FCB2E1A438100CDC3BC /* Detail */ = {
			isa = PBXGroup;
			children = (
				3EC4CD072DCC560D0044A642 /* GroupDetailScreen.swift */,
			);
			path = Detail;
			sourceTree = "<group>";
		};
		3EE42FCC2E1A438900CDC3BC /* Common */ = {
			isa = PBXGroup;
			children = (
				3E4B988E2E236D7E00E76837 /* GroupMakeAdminConfirmationAlert.swift */,
				3E4B988C2E236D6600E76837 /* GroupRemoveMemberConfirmationAlert.swift */,
				3EE42FD02E1A459300CDC3BC /* GroupInviteCodeSheet.swift */,
				3EE42FCE2E1A456500CDC3BC /* GroupDeleteConfirmationAlert.swift */,
				3EF1AAA12E1A99B000ABCDE /* GroupLeaveConfirmationAlert.swift */,
			);
			path = Common;
			sourceTree = "<group>";
		};
		3EE42FCD2E1A439100CDC3BC /* List */ = {
			isa = PBXGroup;
			children = (
				3E36EA122DDBC21300369930 /* GroupListScaffoldModifier.swift */,
				3E5A65552DB5A945007A66A8 /* GroupListScreen.swift */,
				3E36EA0C2DDBBFF600369930 /* GroupListEmptyScreen.swift */,
				3E36EA0E2DDBC0A300369930 /* GroupListContentScreen.swift */,
				3E36EA102DDBC14F00369930 /* GroupListGroupCard.swift */,
			);
			path = List;
			sourceTree = "<group>";
		};
		3EE42FD22E1A524500CDC3BC /* ShoppingList */ = {
			isa = PBXGroup;
			children = (
				3EE42FD42E1A527300CDC3BC /* Detail */,
				3EE42FD32E1A525400CDC3BC /* List */,
			);
			path = ShoppingList;
			sourceTree = "<group>";
		};
		3EE42FD32E1A525400CDC3BC /* List */ = {
			isa = PBXGroup;
			children = (
				3E5D4F4F2DD7CD1400A4C150 /* ShoppingListListScreen.swift */,
				3E36E9FE2DDBB13500369930 /* ShoppingListListEmptyScreen.swift */,
				3E36EA012DDBB28A00369930 /* ShoppingListListScreenScaffoldModifier.swift */,
				3E36EA032DDBB41700369930 /* ShoppingListListContentScreen.swift */,
				3E36EA052DDBBB9700369930 /* ShoppingListListItemCard.swift */,
			);
			path = List;
			sourceTree = "<group>";
		};
		3EE42FD42E1A527300CDC3BC /* Detail */ = {
			isa = PBXGroup;
			children = (
				3ECB4A0F2E107FCF00E5C540 /* ShoppingListDetailEventHistoryItem.swift */,
				3ECB4A0D2E107E6A00E5C540 /* ShoppingListDetailContentScreen.swift */,
				3ECB4A0B2E107D8200E5C540 /* ShoppingDetailItemScreen.swift */,
			);
			path = Detail;
			sourceTree = "<group>";
		};
		3EEC02432DB37DFF0059D973 /* SwiftUI */ = {
			isa = PBXGroup;
			children = (
				3EE7E9D22E31478B005628CC /* CustomMultiPicker.swift */,
				3E9A64FD2E1BFD9100B2D61B /* CustomTextEditor.swift */,
				3E9A64FB2E1BBA5500B2D61B /* ModalBottomSheet.swift */,
				3ECB4A082E10061C00E5C540 /* InvisibleAlertHost.swift */,
				3ECD5E0D2DB62ADA00CA329F /* TextFieldAlertModifier.swift */,
				3EEEF8192D8F540700FE7D80 /* StatefulView.swift */,
				3EEEF81D2D8F6C3700FE7D80 /* CustomTextField.swift */,
				3EEEF81F2D8F6C5B00FE7D80 /* CustomSecureField.swift */,
				3EBEBF702D90706B003DF183 /* DesignSystem.swift */,
				3E2599BA2D93F067009CDC00 /* LivingLinkErrorExtension.swift */,
				3E2599BC2D93F0BE009CDC00 /* LoadbaleStatefulView.swift */,
				3E773E922D94387A00434B2D /* ViewExtension.swift */,
				3E0CE1B32D95375100B97630 /* BindingExtension.swift */,
			);
			path = SwiftUI;
			sourceTree = "<group>";
		};
		3EEC02442DB37E680059D973 /* Kotlin */ = {
			isa = PBXGroup;
			children = (
				3EABCD302E1103E80067A6E0 /* KotlinFlowExtension.swift */,
				7555FF82242A565900829871 /* ContentComposeView.swift */,
				3EBEBF6A2D9033FC003DF183 /* I18n4kExtension.swift */,
				3EEEF8172D8F53A300FE7D80 /* KotlinStateFlowExtension.swift */,
				3EEC023F2DB3685D0059D973 /* StateFlowCollector.swift */,
			);
			path = Kotlin;
			sourceTree = "<group>";
		};
		3EEEF81B2D8F6BB700FE7D80 /* Common */ = {
			isa = PBXGroup;
			children = (
				3E2599C02D9400D4009CDC00 /* IosNavigator.swift */,
				3EEC02442DB37E680059D973 /* Kotlin */,
				3EEC02432DB37DFF0059D973 /* SwiftUI */,
			);
			path = Common;
			sourceTree = "<group>";
		};
		42799AB246E5F90AF97AA0EF /* Frameworks */ = {
			isa = PBXGroup;
			children = (
			);
			name = Frameworks;
			sourceTree = "<group>";
		};
		7555FF72242A565900829871 = {
			isa = PBXGroup;
			children = (
				AB1DB47929225F7C00F7AF9C /* Configuration */,
				7555FF7D242A565900829871 /* iosApp */,
				7555FF7C242A565900829871 /* Products */,
				42799AB246E5F90AF97AA0EF /* Frameworks */,
			);
			sourceTree = "<group>";
		};
		7555FF7C242A565900829871 /* Products */ = {
			isa = PBXGroup;
			children = (
				7555FF7B242A565900829871 /* LivingLink.app */,
			);
			name = Products;
			sourceTree = "<group>";
		};
		7555FF7D242A565900829871 /* iosApp */ = {
			isa = PBXGroup;
			children = (
				2152FB032600AC8F00CF470E /* iOSApp.swift */,
				3EEEF81B2D8F6BB700FE7D80 /* Common */,
				3E36EA172DDBC58F00369930 /* LoginScreen */,
				3E36EA1A2DDBC6CF00369930 /* RegisterScreen */,
				3E36EA142DDBC48500369930 /* SettingsScreen */,
				3EE42FCA2E1A436D00CDC3BC /* Groups */,
				3EE42FD22E1A524500CDC3BC /* ShoppingList */,
				3E9A64ED2E1BB28500B2D61B /* TaskBoard */,
				058557BA273AAA24004C7B11 /* Assets.xcassets */,
				7555FF8C242A565B00829871 /* Info.plist */,
				058557D7273AAEEB004C7B11 /* Preview Content */,
			);
			path = iosApp;
			sourceTree = "<group>";
		};
		AB1DB47929225F7C00F7AF9C /* Configuration */ = {
			isa = PBXGroup;
			children = (
				AB3632DC29227652001CCB65 /* Config.xcconfig */,
			);
			path = Configuration;
			sourceTree = "<group>";
		};
/* End PBXGroup section */

/* Begin PBXNativeTarget section */
		7555FF7A242A565900829871 /* iosApp */ = {
			isa = PBXNativeTarget;
			buildConfigurationList = 7555FFA5242A565B00829871 /* Build configuration list for PBXNativeTarget "iosApp" */;
			buildPhases = (
				F36B1CEB2AD83DDC00CB74D5 /* Compile Kotlin Framework */,
				7555FF77242A565900829871 /* Sources */,
				B92378962B6B1156000C7307 /* Frameworks */,
				7555FF79242A565900829871 /* Resources */,
				3E36EA262DDBCF3D00369930 /* ShellScript */,
			);
			buildRules = (
			);
			dependencies = (
			);
			name = iosApp;
			packageProductDependencies = (
				3E36EA242DDBCF2B00369930 /* SwiftFormat */,
				3E7A4FDD2E311A7A00303AB2 /* MultiPicker */,
			);
			productName = iosApp;
			productReference = 7555FF7B242A565900829871 /* LivingLink.app */;
			productType = "com.apple.product-type.application";
		};
/* End PBXNativeTarget section */

/* Begin PBXProject section */
		7555FF73242A565900829871 /* Project object */ = {
			isa = PBXProject;
			attributes = {
				BuildIndependentTargetsInParallel = YES;
				LastSwiftUpdateCheck = 1130;
				LastUpgradeCheck = 1540;
				ORGANIZATIONNAME = orgName;
				TargetAttributes = {
					7555FF7A242A565900829871 = {
						CreatedOnToolsVersion = 11.3.1;
					};
				};
			};
			buildConfigurationList = 7555FF76242A565900829871 /* Build configuration list for PBXProject "iosApp" */;
			compatibilityVersion = "Xcode 14.0";
			developmentRegion = en;
			hasScannedForEncodings = 0;
			knownRegions = (
				en,
				Base,
			);
			mainGroup = 7555FF72242A565900829871;
			packageReferences = (
				3E36EA232DDBCF2B00369930 /* XCRemoteSwiftPackageReference "SwiftFormat" */,
				3E7A4FDC2E311A7A00303AB2 /* XCRemoteSwiftPackageReference "MultiPicker" */,
			);
			productRefGroup = 7555FF7C242A565900829871 /* Products */;
			projectDirPath = "";
			projectRoot = "";
			targets = (
				7555FF7A242A565900829871 /* iosApp */,
			);
		};
/* End PBXProject section */

/* Begin PBXResourcesBuildPhase section */
		7555FF79242A565900829871 /* Resources */ = {
			isa = PBXResourcesBuildPhase;
			buildActionMask = 2147483647;
			files = (
				058557D9273AAEEB004C7B11 /* Preview Assets.xcassets in Resources */,
				058557BB273AAA24004C7B11 /* Assets.xcassets in Resources */,
			);
			runOnlyForDeploymentPostprocessing = 0;
		};
/* End PBXResourcesBuildPhase section */

/* Begin PBXShellScriptBuildPhase section */
		3E36EA262DDBCF3D00369930 /* ShellScript */ = {
			isa = PBXShellScriptBuildPhase;
			buildActionMask = 2147483647;
			files = (
			);
			inputFileListPaths = (
			);
			inputPaths = (
			);
			outputFileListPaths = (
			);
			outputPaths = (
			);
			runOnlyForDeploymentPostprocessing = 0;
			shellPath = /bin/sh;
			shellScript = "\"${BUILD_DIR%/Build/*}/SourcePackages/checkouts/SwiftFormat/CommandLineTool/swiftformat\" \"${SRCROOT}\"\n\n";
		};
		F36B1CEB2AD83DDC00CB74D5 /* Compile Kotlin Framework */ = {
			isa = PBXShellScriptBuildPhase;
			buildActionMask = 2147483647;
			files = (
			);
			inputFileListPaths = (
			);
			inputPaths = (
			);
			name = "Compile Kotlin Framework";
			outputFileListPaths = (
			);
			outputPaths = (
			);
			runOnlyForDeploymentPostprocessing = 0;
			shellPath = /bin/sh;
			shellScript = "if [ \"YES\" = \"$OVERRIDE_KOTLIN_BUILD_IDE_SUPPORTED\" ]; then\n  echo \"Skipping Gradle build task invocation due to OVERRIDE_KOTLIN_BUILD_IDE_SUPPORTED environment variable set to \\\"YES\\\"\"\n  exit 0\nfi\ncd \"$SRCROOT/..\"\n./gradlew :composeApp:embedAndSignAppleFrameworkForXcode\n";
		};
/* End PBXShellScriptBuildPhase section */

/* Begin PBXSourcesBuildPhase section */
		7555FF77242A565900829871 /* Sources */ = {
			isa = PBXSourcesBuildPhase;
			buildActionMask = 2147483647;
			files = (
				3E5D4F502DD7CD1500A4C150 /* ShoppingListListScreen.swift in Sources */,
				3E0CE1B42D95375800B97630 /* BindingExtension.swift in Sources */,
				3ECB4A102E107FD000E5C540 /* ShoppingListDetailEventHistoryItem.swift in Sources */,
				3E36EA022DDBB28A00369930 /* ShoppingListListScreenScaffoldModifier.swift in Sources */,
				3EABCD312E1103F50067A6E0 /* KotlinFlowExtension.swift in Sources */,
				3E36EA0F2DDBC0A300369930 /* GroupListContentScreen.swift in Sources */,
				3E36EA132DDBC21D00369930 /* GroupListScaffoldModifier.swift in Sources */,
				3EC4CD082DCC56120044A642 /* GroupDetailScreen.swift in Sources */,
				3E4B988F2E236D7F00E76837 /* GroupMakeAdminConfirmationAlert.swift in Sources */,
				3E5A65562DB5A94C007A66A8 /* GroupListScreen.swift in Sources */,
				3E9A64F62E1BB3AB00B2D61B /* TaskBoardListScreenScaffoldModifier.swift in Sources */,
				3E36EA1C2DDBC73600369930 /* RegisterContentScreen.swift in Sources */,
				3E36EA192DDBC5C500369930 /* LoginContentScreen.swift in Sources */,
				3EEEF8182D8F53B100FE7D80 /* KotlinStateFlowExtension.swift in Sources */,
				3EEEF81A2D8F541500FE7D80 /* StatefulView.swift in Sources */,
				3E2599BF2D93F117009CDC00 /* SettingsScreen.swift in Sources */,
				3E36EA162DDBC4A500369930 /* SettingsContentScreen.swift in Sources */,
				3E36E9FF2DDBB13500369930 /* ShoppingListListEmptyScreen.swift in Sources */,
				3E9A64F82E1BB3CB00B2D61B /* TaskBoardListContentScreen.swift in Sources */,
				3E36EA042DDBB41700369930 /* ShoppingListListContentScreen.swift in Sources */,
				3E0CE1B72D953F4B00B97630 /* RegisterScreen.swift in Sources */,
				3ECB4A0C2E107D8D00E5C540 /* ShoppingDetailItemScreen.swift in Sources */,
				3E9A64F02E1BB2AB00B2D61B /* TaskBoardListScreen.swift in Sources */,
				3E2599C12D9400DA009CDC00 /* IosNavigator.swift in Sources */,
				3EE42FD12E1A459900CDC3BC /* GroupInviteCodeSheet.swift in Sources */,
				3EA3E57F2E211E81009D197A /* GroupSettingsContentScreen.swift in Sources */,
				2152FB042600AC8F00CF470E /* iOSApp.swift in Sources */,
				3EBEBF712D90706C003DF183 /* DesignSystem.swift in Sources */,
				7555FF83242A565900829871 /* ContentComposeView.swift in Sources */,
				3E9A64FC2E1BBA5600B2D61B /* ModalBottomSheet.swift in Sources */,
				3EBEBF6B2D90340D003DF183 /* I18n4kExtension.swift in Sources */,
				3EBEBF6D2D90463D003DF183 /* LoginScreen.swift in Sources */,
				3E36EA112DDBC14F00369930 /* GroupListGroupCard.swift in Sources */,
				3EE42FCF2E1A456700CDC3BC /* GroupDeleteConfirmationAlert.swift in Sources */,
				3EF1AAA22E1A99B100ABCDE /* GroupLeaveConfirmationAlert.swift in Sources */,
				3E9A64FE2E1BFD9200B2D61B /* CustomTextEditor.swift in Sources */,
				3E9A64FA2E1BB3E700B2D61B /* TaskBoardListItemCard.swift in Sources */,
				3ECB4A092E10061D00E5C540 /* InvisibleAlertHost.swift in Sources */,
				3EE7E9D32E31478D005628CC /* CustomMultiPicker.swift in Sources */,
				3E9A64F42E1BB38300B2D61B /* TaskBoardListEmptyScreen.swift in Sources */,
				3EEEF8202D8F6C5D00FE7D80 /* CustomSecureField.swift in Sources */,
				3EA3E57D2E211D68009D197A /* GroupSettingsScreen.swift in Sources */,
				3E773E932D94388000434B2D /* ViewExtension.swift in Sources */,
				3E4B988D2E236D6700E76837 /* GroupRemoveMemberConfirmationAlert.swift in Sources */,
				3ECB4A0E2E107E7200E5C540 /* ShoppingListDetailContentScreen.swift in Sources */,
				3EEEF81E2D8F6C3800FE7D80 /* CustomTextField.swift in Sources */,
				3E36EA062DDBBB9700369930 /* ShoppingListListItemCard.swift in Sources */,
				3E36EA0D2DDBBFF600369930 /* GroupListEmptyScreen.swift in Sources */,
				3EEC02402DB3685F0059D973 /* StateFlowCollector.swift in Sources */,
				3E2599BB2D93F06E009CDC00 /* LivingLinkErrorExtension.swift in Sources */,
				3E2599BD2D93F0C1009CDC00 /* LoadbaleStatefulView.swift in Sources */,
				3EE7E9D52E316E30005628CC /* TaskBoardListAddTaskSheet.swift in Sources */,
				3ECD5E0E2DB62ADB00CA329F /* TextFieldAlertModifier.swift in Sources */,
			);
			runOnlyForDeploymentPostprocessing = 0;
		};
/* End PBXSourcesBuildPhase section */

/* Begin XCBuildConfiguration section */
		7555FFA3242A565B00829871 /* Debug */ = {
			isa = XCBuildConfiguration;
			baseConfigurationReference = AB3632DC29227652001CCB65 /* Config.xcconfig */;
			buildSettings = {
				ALWAYS_SEARCH_USER_PATHS = NO;
				CLANG_ANALYZER_NONNULL = YES;
				CLANG_ANALYZER_NUMBER_OBJECT_CONVERSION = YES_AGGRESSIVE;
				CLANG_CXX_LANGUAGE_STANDARD = "gnu++14";
				CLANG_CXX_LIBRARY = "libc++";
				CLANG_ENABLE_MODULES = YES;
				CLANG_ENABLE_OBJC_ARC = YES;
				CLANG_ENABLE_OBJC_WEAK = YES;
				CLANG_WARN_BLOCK_CAPTURE_AUTORELEASING = YES;
				CLANG_WARN_BOOL_CONVERSION = YES;
				CLANG_WARN_COMMA = YES;
				CLANG_WARN_CONSTANT_CONVERSION = YES;
				CLANG_WARN_DEPRECATED_OBJC_IMPLEMENTATIONS = YES;
				CLANG_WARN_DIRECT_OBJC_ISA_USAGE = YES_ERROR;
				CLANG_WARN_DOCUMENTATION_COMMENTS = YES;
				CLANG_WARN_EMPTY_BODY = YES;
				CLANG_WARN_ENUM_CONVERSION = YES;
				CLANG_WARN_INFINITE_RECURSION = YES;
				CLANG_WARN_INT_CONVERSION = YES;
				CLANG_WARN_NON_LITERAL_NULL_CONVERSION = YES;
				CLANG_WARN_OBJC_IMPLICIT_RETAIN_SELF = YES;
				CLANG_WARN_OBJC_LITERAL_CONVERSION = YES;
				CLANG_WARN_OBJC_ROOT_CLASS = YES_ERROR;
				CLANG_WARN_QUOTED_INCLUDE_IN_FRAMEWORK_HEADER = YES;
				CLANG_WARN_RANGE_LOOP_ANALYSIS = YES;
				CLANG_WARN_STRICT_PROTOTYPES = YES;
				CLANG_WARN_SUSPICIOUS_MOVE = YES;
				CLANG_WARN_UNGUARDED_AVAILABILITY = YES_AGGRESSIVE;
				CLANG_WARN_UNREACHABLE_CODE = YES;
				CLANG_WARN__DUPLICATE_METHOD_MATCH = YES;
				COPY_PHASE_STRIP = NO;
				DEBUG_INFORMATION_FORMAT = "dwarf-with-dsym";
				ENABLE_STRICT_OBJC_MSGSEND = YES;
				ENABLE_TESTABILITY = YES;
				ENABLE_USER_SCRIPT_SANDBOXING = NO;
				GCC_C_LANGUAGE_STANDARD = gnu11;
				GCC_DYNAMIC_NO_PIC = NO;
				GCC_NO_COMMON_BLOCKS = YES;
				GCC_OPTIMIZATION_LEVEL = 0;
				GCC_PREPROCESSOR_DEFINITIONS = (
					"DEBUG=1",
					"$(inherited)",
				);
				GCC_WARN_64_TO_32_BIT_CONVERSION = YES;
				GCC_WARN_ABOUT_RETURN_TYPE = YES_ERROR;
				GCC_WARN_UNDECLARED_SELECTOR = YES;
				GCC_WARN_UNINITIALIZED_AUTOS = YES_AGGRESSIVE;
				GCC_WARN_UNUSED_FUNCTION = YES;
				GCC_WARN_UNUSED_VARIABLE = YES;
				IPHONEOS_DEPLOYMENT_TARGET = 15.3;
				MTL_ENABLE_DEBUG_INFO = INCLUDE_SOURCE;
				MTL_FAST_MATH = YES;
				ONLY_ACTIVE_ARCH = YES;
				SDKROOT = iphoneos;
				SWIFT_ACTIVE_COMPILATION_CONDITIONS = DEBUG;
				SWIFT_OPTIMIZATION_LEVEL = "-Onone";
			};
			name = Debug;
		};
		7555FFA4242A565B00829871 /* Release */ = {
			isa = XCBuildConfiguration;
			baseConfigurationReference = AB3632DC29227652001CCB65 /* Config.xcconfig */;
			buildSettings = {
				ALWAYS_SEARCH_USER_PATHS = NO;
				CLANG_ANALYZER_NONNULL = YES;
				CLANG_ANALYZER_NUMBER_OBJECT_CONVERSION = YES_AGGRESSIVE;
				CLANG_CXX_LANGUAGE_STANDARD = "gnu++14";
				CLANG_CXX_LIBRARY = "libc++";
				CLANG_ENABLE_MODULES = YES;
				CLANG_ENABLE_OBJC_ARC = YES;
				CLANG_ENABLE_OBJC_WEAK = YES;
				CLANG_WARN_BLOCK_CAPTURE_AUTORELEASING = YES;
				CLANG_WARN_BOOL_CONVERSION = YES;
				CLANG_WARN_COMMA = YES;
				CLANG_WARN_CONSTANT_CONVERSION = YES;
				CLANG_WARN_DEPRECATED_OBJC_IMPLEMENTATIONS = YES;
				CLANG_WARN_DIRECT_OBJC_ISA_USAGE = YES_ERROR;
				CLANG_WARN_DOCUMENTATION_COMMENTS = YES;
				CLANG_WARN_EMPTY_BODY = YES;
				CLANG_WARN_ENUM_CONVERSION = YES;
				CLANG_WARN_INFINITE_RECURSION = YES;
				CLANG_WARN_INT_CONVERSION = YES;
				CLANG_WARN_NON_LITERAL_NULL_CONVERSION = YES;
				CLANG_WARN_OBJC_IMPLICIT_RETAIN_SELF = YES;
				CLANG_WARN_OBJC_LITERAL_CONVERSION = YES;
				CLANG_WARN_OBJC_ROOT_CLASS = YES_ERROR;
				CLANG_WARN_QUOTED_INCLUDE_IN_FRAMEWORK_HEADER = YES;
				CLANG_WARN_RANGE_LOOP_ANALYSIS = YES;
				CLANG_WARN_STRICT_PROTOTYPES = YES;
				CLANG_WARN_SUSPICIOUS_MOVE = YES;
				CLANG_WARN_UNGUARDED_AVAILABILITY = YES_AGGRESSIVE;
				CLANG_WARN_UNREACHABLE_CODE = YES;
				CLANG_WARN__DUPLICATE_METHOD_MATCH = YES;
				COPY_PHASE_STRIP = NO;
				DEBUG_INFORMATION_FORMAT = "dwarf-with-dsym";
				ENABLE_NS_ASSERTIONS = NO;
				ENABLE_STRICT_OBJC_MSGSEND = YES;
				ENABLE_USER_SCRIPT_SANDBOXING = NO;
				GCC_C_LANGUAGE_STANDARD = gnu11;
				GCC_NO_COMMON_BLOCKS = YES;
				GCC_WARN_64_TO_32_BIT_CONVERSION = YES;
				GCC_WARN_ABOUT_RETURN_TYPE = YES_ERROR;
				GCC_WARN_UNDECLARED_SELECTOR = YES;
				GCC_WARN_UNINITIALIZED_AUTOS = YES_AGGRESSIVE;
				GCC_WARN_UNUSED_FUNCTION = YES;
				GCC_WARN_UNUSED_VARIABLE = YES;
				IPHONEOS_DEPLOYMENT_TARGET = 15.3;
				MTL_ENABLE_DEBUG_INFO = NO;
				MTL_FAST_MATH = YES;
				SDKROOT = iphoneos;
				SWIFT_COMPILATION_MODE = wholemodule;
				SWIFT_OPTIMIZATION_LEVEL = "-O";
				VALIDATE_PRODUCT = YES;
			};
			name = Release;
		};
		7555FFA6242A565B00829871 /* Debug */ = {
			isa = XCBuildConfiguration;
			buildSettings = {
				ASSETCATALOG_COMPILER_APPICON_NAME = AppIcon;
				CODE_SIGN_IDENTITY = "Apple Development";
				CODE_SIGN_STYLE = Automatic;
				DEVELOPMENT_ASSET_PATHS = "\"iosApp/Preview Content\"";
				DEVELOPMENT_TEAM = 2CU6SR888H;
				ENABLE_PREVIEWS = YES;
				FRAMEWORK_SEARCH_PATHS = (
					"$(inherited)",
					"$(SRCROOT)/../shared/build/xcode-frameworks/$(CONFIGURATION)/$(SDK_NAME)\n$(SRCROOT)/../composeApp/build/xcode-frameworks/$(CONFIGURATION)/$(SDK_NAME)",
				);
				INFOPLIST_FILE = iosApp/Info.plist;
				IPHONEOS_DEPLOYMENT_TARGET = 17.6;
				LD_RUNPATH_SEARCH_PATHS = (
					"$(inherited)",
					"@executable_path/Frameworks",
				);
				PRODUCT_BUNDLE_IDENTIFIER = "${BUNDLE_ID}${TEAM_ID}";
				PRODUCT_NAME = "${APP_NAME}";
				PROVISIONING_PROFILE_SPECIFIER = "";
				SWIFT_VERSION = 5.0;
				TARGETED_DEVICE_FAMILY = "1,2";
			};
			name = Debug;
		};
		7555FFA7242A565B00829871 /* Release */ = {
			isa = XCBuildConfiguration;
			buildSettings = {
				ASSETCATALOG_COMPILER_APPICON_NAME = AppIcon;
				CODE_SIGN_IDENTITY = "Apple Development";
				CODE_SIGN_STYLE = Automatic;
				DEVELOPMENT_ASSET_PATHS = "\"iosApp/Preview Content\"";
				DEVELOPMENT_TEAM = 2CU6SR888H;
				ENABLE_PREVIEWS = YES;
				FRAMEWORK_SEARCH_PATHS = (
					"$(inherited)",
					"$(SRCROOT)/../shared/build/xcode-frameworks/$(CONFIGURATION)/$(SDK_NAME)\n$(SRCROOT)/../composeApp/build/xcode-frameworks/$(CONFIGURATION)/$(SDK_NAME)",
				);
				INFOPLIST_FILE = iosApp/Info.plist;
				IPHONEOS_DEPLOYMENT_TARGET = 17.6;
				LD_RUNPATH_SEARCH_PATHS = (
					"$(inherited)",
					"@executable_path/Frameworks",
				);
				PRODUCT_BUNDLE_IDENTIFIER = "${BUNDLE_ID}${TEAM_ID}";
				PRODUCT_NAME = "${APP_NAME}";
				PROVISIONING_PROFILE_SPECIFIER = "";
				SWIFT_VERSION = 5.0;
				TARGETED_DEVICE_FAMILY = "1,2";
			};
			name = Release;
		};
/* End XCBuildConfiguration section */

/* Begin XCConfigurationList section */
		7555FF76242A565900829871 /* Build configuration list for PBXProject "iosApp" */ = {
			isa = XCConfigurationList;
			buildConfigurations = (
				7555FFA3242A565B00829871 /* Debug */,
				7555FFA4242A565B00829871 /* Release */,
			);
			defaultConfigurationIsVisible = 0;
			defaultConfigurationName = Release;
		};
		7555FFA5242A565B00829871 /* Build configuration list for PBXNativeTarget "iosApp" */ = {
			isa = XCConfigurationList;
			buildConfigurations = (
				7555FFA6242A565B00829871 /* Debug */,
				7555FFA7242A565B00829871 /* Release */,
			);
			defaultConfigurationIsVisible = 0;
			defaultConfigurationName = Release;
		};
/* End XCConfigurationList section */

/* Begin XCRemoteSwiftPackageReference section */
		3E36EA232DDBCF2B00369930 /* XCRemoteSwiftPackageReference "SwiftFormat" */ = {
			isa = XCRemoteSwiftPackageReference;
			repositoryURL = "https://github.com/nicklockwood/SwiftFormat";
			requirement = {
				kind = upToNextMajorVersion;
				minimumVersion = 0.56.1;
			};
		};
		3E7A4FDC2E311A7A00303AB2 /* XCRemoteSwiftPackageReference "MultiPicker" */ = {
			isa = XCRemoteSwiftPackageReference;
			repositoryURL = "https://github.com/toastersocks/MultiPicker";
			requirement = {
				branch = main;
				kind = branch;
			};
		};
/* End XCRemoteSwiftPackageReference section */

/* Begin XCSwiftPackageProductDependency section */
		3E36EA242DDBCF2B00369930 /* SwiftFormat */ = {
			isa = XCSwiftPackageProductDependency;
			package = 3E36EA232DDBCF2B00369930 /* XCRemoteSwiftPackageReference "SwiftFormat" */;
			productName = SwiftFormat;
		};
		3E7A4FDD2E311A7A00303AB2 /* MultiPicker */ = {
			isa = XCSwiftPackageProductDependency;
			package = 3E7A4FDC2E311A7A00303AB2 /* XCRemoteSwiftPackageReference "MultiPicker" */;
			productName = MultiPicker;
		};
/* End XCSwiftPackageProductDependency section */
	};
	rootObject = 7555FF73242A565900829871 /* Project object */;
}
