// !$*UTF8*$!
{
	archiveVersion = 1;
	classes = {
	};
	objectVersion = 56;
	objects = {

/* Begin PBXBuildFile section */
		058557BB273AAA24004C7B11 /* Assets.xcassets in Resources */ = {isa = PBXBuildFile; fileRef = 058557BA273AAA24004C7B11 /* Assets.xcassets */; };
		058557D9273AAEEB004C7B11 /* Preview Assets.xcassets in Resources */ = {isa = PBXBuildFile; fileRef = 058557D8273AAEEB004C7B11 /* Preview Assets.xcassets */; };
		2152FB042600AC8F00CF470E /* iOSApp.swift in Sources */ = {isa = PBXBuildFile; fileRef = 2152FB032600AC8F00CF470E /* iOSApp.swift */; };
		3E0CE1B42D95375800B97630 /* BindingExtension.swift in Sources */ = {isa = PBXBuildFile; fileRef = 3E0CE1B32D95375100B97630 /* BindingExtension.swift */; };
		3E0CE1B72D953F4B00B97630 /* RegisterScreen.swift in Sources */ = {isa = PBXBuildFile; fileRef = 3E0CE1B62D953F3F00B97630 /* RegisterScreen.swift */; };
		3E2599BB2D93F06E009CDC00 /* LivingLinkErrorExtension.swift in Sources */ = {isa = PBXBuildFile; fileRef = 3E2599BA2D93F067009CDC00 /* LivingLinkErrorExtension.swift */; };
		3E2599BD2D93F0C1009CDC00 /* LoadbaleStatefulView.swift in Sources */ = {isa = PBXBuildFile; fileRef = 3E2599BC2D93F0BE009CDC00 /* LoadbaleStatefulView.swift */; };
		3E2599BF2D93F117009CDC00 /* SettingsScreen.swift in Sources */ = {isa = PBXBuildFile; fileRef = 3E2599BE2D93F116009CDC00 /* SettingsScreen.swift */; };
		3E2599C12D9400DA009CDC00 /* IosNavigator.swift in Sources */ = {isa = PBXBuildFile; fileRef = 3E2599C02D9400D4009CDC00 /* IosNavigator.swift */; };
		3E36E9FF2DDBB13500369930 /* ShoppingListEmptyScreen.swift in Sources */ = {isa = PBXBuildFile; fileRef = 3E36E9FE2DDBB13500369930 /* ShoppingListEmptyScreen.swift */; };
		3E36EA022DDBB28A00369930 /* ShoppingListScreenScaffoldModifier.swift in Sources */ = {isa = PBXBuildFile; fileRef = 3E36EA012DDBB28A00369930 /* ShoppingListScreenScaffoldModifier.swift */; };
		3E36EA042DDBB41700369930 /* ShoppingListContentScreen.swift in Sources */ = {isa = PBXBuildFile; fileRef = 3E36EA032DDBB41700369930 /* ShoppingListContentScreen.swift */; };
		3E36EA062DDBBB9700369930 /* ShoppingListItemCard.swift in Sources */ = {isa = PBXBuildFile; fileRef = 3E36EA052DDBBB9700369930 /* ShoppingListItemCard.swift */; };
		3E36EA0A2DDBBE4300369930 /* GroupContentScreen.swift in Sources */ = {isa = PBXBuildFile; fileRef = 3E36EA092DDBBE4300369930 /* GroupContentScreen.swift */; };
		3E36EA0D2DDBBFF600369930 /* ListGroupsEmptyScreen.swift in Sources */ = {isa = PBXBuildFile; fileRef = 3E36EA0C2DDBBFF600369930 /* ListGroupsEmptyScreen.swift */; };
		3E36EA0F2DDBC0A300369930 /* ListGroupsContentScreen.swift in Sources */ = {isa = PBXBuildFile; fileRef = 3E36EA0E2DDBC0A300369930 /* ListGroupsContentScreen.swift */; };
		3E36EA112DDBC14F00369930 /* ListGroupsGroupCard.swift in Sources */ = {isa = PBXBuildFile; fileRef = 3E36EA102DDBC14F00369930 /* ListGroupsGroupCard.swift */; };
		3E36EA132DDBC21D00369930 /* ListGroupsScaffoldModifier.swift in Sources */ = {isa = PBXBuildFile; fileRef = 3E36EA122DDBC21300369930 /* ListGroupsScaffoldModifier.swift */; };
		3E36EA162DDBC4A500369930 /* SettingsContentScreen.swift in Sources */ = {isa = PBXBuildFile; fileRef = 3E36EA152DDBC4A500369930 /* SettingsContentScreen.swift */; };
		3E36EA192DDBC5C500369930 /* LoginContentScreen.swift in Sources */ = {isa = PBXBuildFile; fileRef = 3E36EA182DDBC5C500369930 /* LoginContentScreen.swift */; };
		3E36EA1C2DDBC73600369930 /* RegisterContentScreen.swift in Sources */ = {isa = PBXBuildFile; fileRef = 3E36EA1B2DDBC73500369930 /* RegisterContentScreen.swift */; };
		3E36EA252DDBCF2B00369930 /* SwiftFormat in Frameworks */ = {isa = PBXBuildFile; productRef = 3E36EA242DDBCF2B00369930 /* SwiftFormat */; };
		3E5A65562DB5A94C007A66A8 /* ListGroupsScreen.swift in Sources */ = {isa = PBXBuildFile; fileRef = 3E5A65552DB5A945007A66A8 /* ListGroupsScreen.swift */; };
		3E5D4F502DD7CD1500A4C150 /* ShoppingListScreen.swift in Sources */ = {isa = PBXBuildFile; fileRef = 3E5D4F4F2DD7CD1400A4C150 /* ShoppingListScreen.swift */; };
		3E773E932D94388000434B2D /* ViewExtension.swift in Sources */ = {isa = PBXBuildFile; fileRef = 3E773E922D94387A00434B2D /* ViewExtension.swift */; };
		3EBEBF6B2D90340D003DF183 /* I18n4kExtension.swift in Sources */ = {isa = PBXBuildFile; fileRef = 3EBEBF6A2D9033FC003DF183 /* I18n4kExtension.swift */; };
		3EBEBF6D2D90463D003DF183 /* LoginScreen.swift in Sources */ = {isa = PBXBuildFile; fileRef = 3EBEBF6C2D90463B003DF183 /* LoginScreen.swift */; };
		3EBEBF712D90706C003DF183 /* DesignSystem.swift in Sources */ = {isa = PBXBuildFile; fileRef = 3EBEBF702D90706B003DF183 /* DesignSystem.swift */; };
		3EC4CD082DCC56120044A642 /* GroupScreen.swift in Sources */ = {isa = PBXBuildFile; fileRef = 3EC4CD072DCC560D0044A642 /* GroupScreen.swift */; };
		3ECD5E0E2DB62ADB00CA329F /* TextFieldAlertModifier.swift in Sources */ = {isa = PBXBuildFile; fileRef = 3ECD5E0D2DB62ADA00CA329F /* TextFieldAlertModifier.swift */; };
		3EEC02402DB3685F0059D973 /* StateFlowCollector.swift in Sources */ = {isa = PBXBuildFile; fileRef = 3EEC023F2DB3685D0059D973 /* StateFlowCollector.swift */; };
		3EEEF8182D8F53B100FE7D80 /* KotlinStateFlowExtension.swift in Sources */ = {isa = PBXBuildFile; fileRef = 3EEEF8172D8F53A300FE7D80 /* KotlinStateFlowExtension.swift */; };
		3EEEF81A2D8F541500FE7D80 /* StatefulView.swift in Sources */ = {isa = PBXBuildFile; fileRef = 3EEEF8192D8F540700FE7D80 /* StatefulView.swift */; };
		3EEEF81E2D8F6C3800FE7D80 /* CustomTextField.swift in Sources */ = {isa = PBXBuildFile; fileRef = 3EEEF81D2D8F6C3700FE7D80 /* CustomTextField.swift */; };
		3EEEF8202D8F6C5D00FE7D80 /* CustomSecureField.swift in Sources */ = {isa = PBXBuildFile; fileRef = 3EEEF81F2D8F6C5B00FE7D80 /* CustomSecureField.swift */; };
		7555FF83242A565900829871 /* ContentComposeView.swift in Sources */ = {isa = PBXBuildFile; fileRef = 7555FF82242A565900829871 /* ContentComposeView.swift */; };
/* End PBXBuildFile section */

/* Begin PBXFileReference section */
		058557BA273AAA24004C7B11 /* Assets.xcassets */ = {isa = PBXFileReference; lastKnownFileType = folder.assetcatalog; path = Assets.xcassets; sourceTree = "<group>"; };
		058557D8273AAEEB004C7B11 /* Preview Assets.xcassets */ = {isa = PBXFileReference; lastKnownFileType = folder.assetcatalog; path = "Preview Assets.xcassets"; sourceTree = "<group>"; };
		2152FB032600AC8F00CF470E /* iOSApp.swift */ = {isa = PBXFileReference; lastKnownFileType = sourcecode.swift; path = iOSApp.swift; sourceTree = "<group>"; };
		3E0CE1B32D95375100B97630 /* BindingExtension.swift */ = {isa = PBXFileReference; lastKnownFileType = sourcecode.swift; path = BindingExtension.swift; sourceTree = "<group>"; };
		3E0CE1B62D953F3F00B97630 /* RegisterScreen.swift */ = {isa = PBXFileReference; lastKnownFileType = sourcecode.swift; path = RegisterScreen.swift; sourceTree = "<group>"; };
		3E2599BA2D93F067009CDC00 /* LivingLinkErrorExtension.swift */ = {isa = PBXFileReference; lastKnownFileType = sourcecode.swift; path = LivingLinkErrorExtension.swift; sourceTree = "<group>"; };
		3E2599BC2D93F0BE009CDC00 /* LoadbaleStatefulView.swift */ = {isa = PBXFileReference; lastKnownFileType = sourcecode.swift; path = LoadbaleStatefulView.swift; sourceTree = "<group>"; };
		3E2599BE2D93F116009CDC00 /* SettingsScreen.swift */ = {isa = PBXFileReference; lastKnownFileType = sourcecode.swift; path = SettingsScreen.swift; sourceTree = "<group>"; };
		3E2599C02D9400D4009CDC00 /* IosNavigator.swift */ = {isa = PBXFileReference; lastKnownFileType = sourcecode.swift; path = IosNavigator.swift; sourceTree = "<group>"; };
		3E36E9FE2DDBB13500369930 /* ShoppingListEmptyScreen.swift */ = {isa = PBXFileReference; lastKnownFileType = sourcecode.swift; path = ShoppingListEmptyScreen.swift; sourceTree = "<group>"; };
		3E36EA012DDBB28A00369930 /* ShoppingListScreenScaffoldModifier.swift */ = {isa = PBXFileReference; lastKnownFileType = sourcecode.swift; path = ShoppingListScreenScaffoldModifier.swift; sourceTree = "<group>"; };
		3E36EA032DDBB41700369930 /* ShoppingListContentScreen.swift */ = {isa = PBXFileReference; lastKnownFileType = sourcecode.swift; path = ShoppingListContentScreen.swift; sourceTree = "<group>"; };
		3E36EA052DDBBB9700369930 /* ShoppingListItemCard.swift */ = {isa = PBXFileReference; lastKnownFileType = sourcecode.swift; path = ShoppingListItemCard.swift; sourceTree = "<group>"; };
		3E36EA092DDBBE4300369930 /* GroupContentScreen.swift */ = {isa = PBXFileReference; lastKnownFileType = sourcecode.swift; path = GroupContentScreen.swift; sourceTree = "<group>"; };
		3E36EA0C2DDBBFF600369930 /* ListGroupsEmptyScreen.swift */ = {isa = PBXFileReference; lastKnownFileType = sourcecode.swift; path = ListGroupsEmptyScreen.swift; sourceTree = "<group>"; };
		3E36EA0E2DDBC0A300369930 /* ListGroupsContentScreen.swift */ = {isa = PBXFileReference; lastKnownFileType = sourcecode.swift; path = ListGroupsContentScreen.swift; sourceTree = "<group>"; };
		3E36EA102DDBC14F00369930 /* ListGroupsGroupCard.swift */ = {isa = PBXFileReference; lastKnownFileType = sourcecode.swift; path = ListGroupsGroupCard.swift; sourceTree = "<group>"; };
		3E36EA122DDBC21300369930 /* ListGroupsScaffoldModifier.swift */ = {isa = PBXFileReference; lastKnownFileType = sourcecode.swift; path = ListGroupsScaffoldModifier.swift; sourceTree = "<group>"; };
		3E36EA152DDBC4A500369930 /* SettingsContentScreen.swift */ = {isa = PBXFileReference; lastKnownFileType = sourcecode.swift; path = SettingsContentScreen.swift; sourceTree = "<group>"; };
		3E36EA182DDBC5C500369930 /* LoginContentScreen.swift */ = {isa = PBXFileReference; lastKnownFileType = sourcecode.swift; path = LoginContentScreen.swift; sourceTree = "<group>"; };
		3E36EA1B2DDBC73500369930 /* RegisterContentScreen.swift */ = {isa = PBXFileReference; lastKnownFileType = sourcecode.swift; path = RegisterContentScreen.swift; sourceTree = "<group>"; };
		3E5A65552DB5A945007A66A8 /* ListGroupsScreen.swift */ = {isa = PBXFileReference; lastKnownFileType = sourcecode.swift; path = ListGroupsScreen.swift; sourceTree = "<group>"; };
		3E5D4F4F2DD7CD1400A4C150 /* ShoppingListScreen.swift */ = {isa = PBXFileReference; lastKnownFileType = sourcecode.swift; path = ShoppingListScreen.swift; sourceTree = "<group>"; };
		3E773E922D94387A00434B2D /* ViewExtension.swift */ = {isa = PBXFileReference; lastKnownFileType = sourcecode.swift; path = ViewExtension.swift; sourceTree = "<group>"; };
		3EBEBF6A2D9033FC003DF183 /* I18n4kExtension.swift */ = {isa = PBXFileReference; lastKnownFileType = sourcecode.swift; path = I18n4kExtension.swift; sourceTree = "<group>"; };
		3EBEBF6C2D90463B003DF183 /* LoginScreen.swift */ = {isa = PBXFileReference; lastKnownFileType = sourcecode.swift; path = LoginScreen.swift; sourceTree = "<group>"; };
		3EBEBF702D90706B003DF183 /* DesignSystem.swift */ = {isa = PBXFileReference; lastKnownFileType = sourcecode.swift; path = DesignSystem.swift; sourceTree = "<group>"; };
		3EC4CD072DCC560D0044A642 /* GroupScreen.swift */ = {isa = PBXFileReference; lastKnownFileType = sourcecode.swift; path = GroupScreen.swift; sourceTree = "<group>"; };
		3ECD5E0D2DB62ADA00CA329F /* TextFieldAlertModifier.swift */ = {isa = PBXFileReference; lastKnownFileType = sourcecode.swift; path = TextFieldAlertModifier.swift; sourceTree = "<group>"; };
		3EEC023F2DB3685D0059D973 /* StateFlowCollector.swift */ = {isa = PBXFileReference; lastKnownFileType = sourcecode.swift; path = StateFlowCollector.swift; sourceTree = "<group>"; };
		3EEEF8172D8F53A300FE7D80 /* KotlinStateFlowExtension.swift */ = {isa = PBXFileReference; lastKnownFileType = sourcecode.swift; path = KotlinStateFlowExtension.swift; sourceTree = "<group>"; };
		3EEEF8192D8F540700FE7D80 /* StatefulView.swift */ = {isa = PBXFileReference; lastKnownFileType = sourcecode.swift; path = StatefulView.swift; sourceTree = "<group>"; };
		3EEEF81D2D8F6C3700FE7D80 /* CustomTextField.swift */ = {isa = PBXFileReference; lastKnownFileType = sourcecode.swift; path = CustomTextField.swift; sourceTree = "<group>"; };
		3EEEF81F2D8F6C5B00FE7D80 /* CustomSecureField.swift */ = {isa = PBXFileReference; lastKnownFileType = sourcecode.swift; path = CustomSecureField.swift; sourceTree = "<group>"; };
		7555FF7B242A565900829871 /* LivingLink.app */ = {isa = PBXFileReference; explicitFileType = wrapper.application; includeInIndex = 0; path = LivingLink.app; sourceTree = BUILT_PRODUCTS_DIR; };
		7555FF82242A565900829871 /* ContentComposeView.swift */ = {isa = PBXFileReference; lastKnownFileType = sourcecode.swift; path = ContentComposeView.swift; sourceTree = "<group>"; };
		7555FF8C242A565B00829871 /* Info.plist */ = {isa = PBXFileReference; lastKnownFileType = text.plist.xml; path = Info.plist; sourceTree = "<group>"; };
		AB3632DC29227652001CCB65 /* Config.xcconfig */ = {isa = PBXFileReference; fileEncoding = 4; lastKnownFileType = text.xcconfig; path = Config.xcconfig; sourceTree = "<group>"; };
/* End PBXFileReference section */

/* Begin PBXFrameworksBuildPhase section */
		B92378962B6B1156000C7307 /* Frameworks */ = {
			isa = PBXFrameworksBuildPhase;
			buildActionMask = 2147483647;
			files = (
				3E36EA252DDBCF2B00369930 /* SwiftFormat in Frameworks */,
			);
			runOnlyForDeploymentPostprocessing = 0;
		};
/* End PBXFrameworksBuildPhase section */

/* Begin PBXGroup section */
		058557D7273AAEEB004C7B11 /* Preview Content */ = {
			isa = PBXGroup;
			children = (
				058557D8273AAEEB004C7B11 /* Preview Assets.xcassets */,
			);
			path = "Preview Content";
			sourceTree = "<group>";
		};
		3E36E9FB2DDBB0E300369930 /* ShoppingListScreen */ = {
			isa = PBXGroup;
			children = (
				3E5D4F4F2DD7CD1400A4C150 /* ShoppingListScreen.swift */,
				3E36E9FE2DDBB13500369930 /* ShoppingListEmptyScreen.swift */,
				3E36EA012DDBB28A00369930 /* ShoppingListScreenScaffoldModifier.swift */,
				3E36EA032DDBB41700369930 /* ShoppingListContentScreen.swift */,
				3E36EA052DDBBB9700369930 /* ShoppingListItemCard.swift */,
			);
			path = ShoppingListScreen;
			sourceTree = "<group>";
		};
		3E36EA072DDBBE0000369930 /* Group */ = {
			isa = PBXGroup;
			children = (
				3EC4CD072DCC560D0044A642 /* GroupScreen.swift */,
				3E36EA092DDBBE4300369930 /* GroupContentScreen.swift */,
			);
			path = Group;
			sourceTree = "<group>";
		};
		3E36EA0B2DDBBFCC00369930 /* ListGroups */ = {
			isa = PBXGroup;
			children = (
				3E36EA122DDBC21300369930 /* ListGroupsScaffoldModifier.swift */,
				3E5A65552DB5A945007A66A8 /* ListGroupsScreen.swift */,
				3E36EA0C2DDBBFF600369930 /* ListGroupsEmptyScreen.swift */,
				3E36EA0E2DDBC0A300369930 /* ListGroupsContentScreen.swift */,
				3E36EA102DDBC14F00369930 /* ListGroupsGroupCard.swift */,
			);
			path = ListGroups;
			sourceTree = "<group>";
		};
		3E36EA142DDBC48500369930 /* SettingsScreen */ = {
			isa = PBXGroup;
			children = (
				3E2599BE2D93F116009CDC00 /* SettingsScreen.swift */,
				3E36EA152DDBC4A500369930 /* SettingsContentScreen.swift */,
			);
			path = SettingsScreen;
			sourceTree = "<group>";
		};
		3E36EA172DDBC58F00369930 /* LoginScreen */ = {
			isa = PBXGroup;
			children = (
				3EBEBF6C2D90463B003DF183 /* LoginScreen.swift */,
				3E36EA182DDBC5C500369930 /* LoginContentScreen.swift */,
			);
			path = LoginScreen;
			sourceTree = "<group>";
		};
		3E36EA1A2DDBC6CF00369930 /* RegisterScreen */ = {
			isa = PBXGroup;
			children = (
				3E36EA1B2DDBC73500369930 /* RegisterContentScreen.swift */,
				3E0CE1B62D953F3F00B97630 /* RegisterScreen.swift */,
			);
			path = RegisterScreen;
			sourceTree = "<group>";
		};
		3EEC02432DB37DFF0059D973 /* SwiftUI */ = {
			isa = PBXGroup;
			children = (
				3ECD5E0D2DB62ADA00CA329F /* TextFieldAlertModifier.swift */,
				3EEEF8192D8F540700FE7D80 /* StatefulView.swift */,
				3EEEF81D2D8F6C3700FE7D80 /* CustomTextField.swift */,
				3EEEF81F2D8F6C5B00FE7D80 /* CustomSecureField.swift */,
				3EBEBF702D90706B003DF183 /* DesignSystem.swift */,
				3E2599BA2D93F067009CDC00 /* LivingLinkErrorExtension.swift */,
				3E2599BC2D93F0BE009CDC00 /* LoadbaleStatefulView.swift */,
				3E773E922D94387A00434B2D /* ViewExtension.swift */,
				3E0CE1B32D95375100B97630 /* BindingExtension.swift */,
			);
			path = SwiftUI;
			sourceTree = "<group>";
		};
		3EEC02442DB37E680059D973 /* Kotlin */ = {
			isa = PBXGroup;
			children = (
				7555FF82242A565900829871 /* ContentComposeView.swift */,
				3EBEBF6A2D9033FC003DF183 /* I18n4kExtension.swift */,
				3EEEF8172D8F53A300FE7D80 /* KotlinStateFlowExtension.swift */,
				3EEC023F2DB3685D0059D973 /* StateFlowCollector.swift */,
			);
			path = Kotlin;
			sourceTree = "<group>";
		};
		3EEEF81B2D8F6BB700FE7D80 /* Common */ = {
			isa = PBXGroup;
			children = (
				3E2599C02D9400D4009CDC00 /* IosNavigator.swift */,
				3EEC02442DB37E680059D973 /* Kotlin */,
				3EEC02432DB37DFF0059D973 /* SwiftUI */,
			);
			path = Common;
			sourceTree = "<group>";
		};
		42799AB246E5F90AF97AA0EF /* Frameworks */ = {
			isa = PBXGroup;
			children = (
			);
			name = Frameworks;
			sourceTree = "<group>";
		};
		7555FF72242A565900829871 = {
			isa = PBXGroup;
			children = (
				AB1DB47929225F7C00F7AF9C /* Configuration */,
				7555FF7D242A565900829871 /* iosApp */,
				7555FF7C242A565900829871 /* Products */,
				42799AB246E5F90AF97AA0EF /* Frameworks */,
			);
			sourceTree = "<group>";
		};
		7555FF7C242A565900829871 /* Products */ = {
			isa = PBXGroup;
			children = (
				7555FF7B242A565900829871 /* LivingLink.app */,
			);
			name = Products;
			sourceTree = "<group>";
		};
		7555FF7D242A565900829871 /* iosApp */ = {
			isa = PBXGroup;
			children = (
				2152FB032600AC8F00CF470E /* iOSApp.swift */,
				3EEEF81B2D8F6BB700FE7D80 /* Common */,
				3E36EA172DDBC58F00369930 /* LoginScreen */,
				3E36EA1A2DDBC6CF00369930 /* RegisterScreen */,
				3E36EA142DDBC48500369930 /* SettingsScreen */,
				3E36EA0B2DDBBFCC00369930 /* ListGroups */,
				3E36EA072DDBBE0000369930 /* Group */,
				3E36E9FB2DDBB0E300369930 /* ShoppingListScreen */,
				058557BA273AAA24004C7B11 /* Assets.xcassets */,
				7555FF8C242A565B00829871 /* Info.plist */,
				058557D7273AAEEB004C7B11 /* Preview Content */,
			);
			path = iosApp;
			sourceTree = "<group>";
		};
		AB1DB47929225F7C00F7AF9C /* Configuration */ = {
			isa = PBXGroup;
			children = (
				AB3632DC29227652001CCB65 /* Config.xcconfig */,
			);
			path = Configuration;
			sourceTree = "<group>";
		};
/* End PBXGroup section */

/* Begin PBXNativeTarget section */
		7555FF7A242A565900829871 /* iosApp */ = {
			isa = PBXNativeTarget;
			buildConfigurationList = 7555FFA5242A565B00829871 /* Build configuration list for PBXNativeTarget "iosApp" */;
			buildPhases = (
				F36B1CEB2AD83DDC00CB74D5 /* Compile Kotlin Framework */,
				7555FF77242A565900829871 /* Sources */,
				B92378962B6B1156000C7307 /* Frameworks */,
				7555FF79242A565900829871 /* Resources */,
				3E36EA262DDBCF3D00369930 /* ShellScript */,
			);
			buildRules = (
			);
			dependencies = (
			);
			name = iosApp;
			packageProductDependencies = (
				3E36EA242DDBCF2B00369930 /* SwiftFormat */,
			);
			productName = iosApp;
			productReference = 7555FF7B242A565900829871 /* LivingLink.app */;
			productType = "com.apple.product-type.application";
		};
/* End PBXNativeTarget section */

/* Begin PBXProject section */
		7555FF73242A565900829871 /* Project object */ = {
			isa = PBXProject;
			attributes = {
				BuildIndependentTargetsInParallel = YES;
				LastSwiftUpdateCheck = 1130;
				LastUpgradeCheck = 1540;
				ORGANIZATIONNAME = orgName;
				TargetAttributes = {
					7555FF7A242A565900829871 = {
						CreatedOnToolsVersion = 11.3.1;
					};
				};
			};
			buildConfigurationList = 7555FF76242A565900829871 /* Build configuration list for PBXProject "iosApp" */;
			compatibilityVersion = "Xcode 14.0";
			developmentRegion = en;
			hasScannedForEncodings = 0;
			knownRegions = (
				en,
				Base,
			);
			mainGroup = 7555FF72242A565900829871;
			packageReferences = (
				3E36EA232DDBCF2B00369930 /* XCRemoteSwiftPackageReference "SwiftFormat" */,
			);
			productRefGroup = 7555FF7C242A565900829871 /* Products */;
			projectDirPath = "";
			projectRoot = "";
			targets = (
				7555FF7A242A565900829871 /* iosApp */,
			);
		};
/* End PBXProject section */

/* Begin PBXResourcesBuildPhase section */
		7555FF79242A565900829871 /* Resources */ = {
			isa = PBXResourcesBuildPhase;
			buildActionMask = 2147483647;
			files = (
				058557D9273AAEEB004C7B11 /* Preview Assets.xcassets in Resources */,
				058557BB273AAA24004C7B11 /* Assets.xcassets in Resources */,
			);
			runOnlyForDeploymentPostprocessing = 0;
		};
/* End PBXResourcesBuildPhase section */

/* Begin PBXShellScriptBuildPhase section */
		3E36EA262DDBCF3D00369930 /* ShellScript */ = {
			isa = PBXShellScriptBuildPhase;
			buildActionMask = 2147483647;
			files = (
			);
			inputFileListPaths = (
			);
			inputPaths = (
			);
			outputFileListPaths = (
			);
			outputPaths = (
			);
			runOnlyForDeploymentPostprocessing = 0;
			shellPath = /bin/sh;
			shellScript = "\"${BUILD_DIR%/Build/*}/SourcePackages/checkouts/SwiftFormat/CommandLineTool/swiftformat\" \"${SRCROOT}\"\n\n";
		};
		F36B1CEB2AD83DDC00CB74D5 /* Compile Kotlin Framework */ = {
			isa = PBXShellScriptBuildPhase;
			buildActionMask = 2147483647;
			files = (
			);
			inputFileListPaths = (
			);
			inputPaths = (
			);
			name = "Compile Kotlin Framework";
			outputFileListPaths = (
			);
			outputPaths = (
			);
			runOnlyForDeploymentPostprocessing = 0;
			shellPath = /bin/sh;
			shellScript = "if [ \"YES\" = \"$OVERRIDE_KOTLIN_BUILD_IDE_SUPPORTED\" ]; then\n  echo \"Skipping Gradle build task invocation due to OVERRIDE_KOTLIN_BUILD_IDE_SUPPORTED environment variable set to \\\"YES\\\"\"\n  exit 0\nfi\ncd \"$SRCROOT/..\"\n./gradlew :composeApp:embedAndSignAppleFrameworkForXcode\n";
		};
/* End PBXShellScriptBuildPhase section */

/* Begin PBXSourcesBuildPhase section */
		7555FF77242A565900829871 /* Sources */ = {
			isa = PBXSourcesBuildPhase;
			buildActionMask = 2147483647;
			files = (
				3E5D4F502DD7CD1500A4C150 /* ShoppingListScreen.swift in Sources */,
				3E0CE1B42D95375800B97630 /* BindingExtension.swift in Sources */,
				3E36EA022DDBB28A00369930 /* ShoppingListScreenScaffoldModifier.swift in Sources */,
				3E36EA0F2DDBC0A300369930 /* ListGroupsContentScreen.swift in Sources */,
				3E36EA132DDBC21D00369930 /* ListGroupsScaffoldModifier.swift in Sources */,
				3EC4CD082DCC56120044A642 /* GroupScreen.swift in Sources */,
				3E5A65562DB5A94C007A66A8 /* ListGroupsScreen.swift in Sources */,
				3E36EA1C2DDBC73600369930 /* RegisterContentScreen.swift in Sources */,
				3E36EA192DDBC5C500369930 /* LoginContentScreen.swift in Sources */,
				3EEEF8182D8F53B100FE7D80 /* KotlinStateFlowExtension.swift in Sources */,
				3EEEF81A2D8F541500FE7D80 /* StatefulView.swift in Sources */,
				3E2599BF2D93F117009CDC00 /* SettingsScreen.swift in Sources */,
				3E36EA162DDBC4A500369930 /* SettingsContentScreen.swift in Sources */,
				3E36E9FF2DDBB13500369930 /* ShoppingListEmptyScreen.swift in Sources */,
				3E36EA0A2DDBBE4300369930 /* GroupContentScreen.swift in Sources */,
				3E36EA042DDBB41700369930 /* ShoppingListContentScreen.swift in Sources */,
				3E0CE1B72D953F4B00B97630 /* RegisterScreen.swift in Sources */,
				3E2599C12D9400DA009CDC00 /* IosNavigator.swift in Sources */,
				2152FB042600AC8F00CF470E /* iOSApp.swift in Sources */,
				3EBEBF712D90706C003DF183 /* DesignSystem.swift in Sources */,
				7555FF83242A565900829871 /* ContentComposeView.swift in Sources */,
				3EBEBF6B2D90340D003DF183 /* I18n4kExtension.swift in Sources */,
				3EBEBF6D2D90463D003DF183 /* LoginScreen.swift in Sources */,
				3E36EA112DDBC14F00369930 /* ListGroupsGroupCard.swift in Sources */,
				3EEEF8202D8F6C5D00FE7D80 /* CustomSecureField.swift in Sources */,
				3E773E932D94388000434B2D /* ViewExtension.swift in Sources */,
				3EEEF81E2D8F6C3800FE7D80 /* CustomTextField.swift in Sources */,
				3E36EA062DDBBB9700369930 /* ShoppingListItemCard.swift in Sources */,
				3E36EA0D2DDBBFF600369930 /* ListGroupsEmptyScreen.swift in Sources */,
				3EEC02402DB3685F0059D973 /* StateFlowCollector.swift in Sources */,
				3E2599BB2D93F06E009CDC00 /* LivingLinkErrorExtension.swift in Sources */,
				3E2599BD2D93F0C1009CDC00 /* LoadbaleStatefulView.swift in Sources */,
				3ECD5E0E2DB62ADB00CA329F /* TextFieldAlertModifier.swift in Sources */,
			);
			runOnlyForDeploymentPostprocessing = 0;
		};
/* End PBXSourcesBuildPhase section */

/* Begin XCBuildConfiguration section */
		7555FFA3242A565B00829871 /* Debug */ = {
			isa = XCBuildConfiguration;
			baseConfigurationReference = AB3632DC29227652001CCB65 /* Config.xcconfig */;
			buildSettings = {
				ALWAYS_SEARCH_USER_PATHS = NO;
				CLANG_ANALYZER_NONNULL = YES;
				CLANG_ANALYZER_NUMBER_OBJECT_CONVERSION = YES_AGGRESSIVE;
				CLANG_CXX_LANGUAGE_STANDARD = "gnu++14";
				CLANG_CXX_LIBRARY = "libc++";
				CLANG_ENABLE_MODULES = YES;
				CLANG_ENABLE_OBJC_ARC = YES;
				CLANG_ENABLE_OBJC_WEAK = YES;
				CLANG_WARN_BLOCK_CAPTURE_AUTORELEASING = YES;
				CLANG_WARN_BOOL_CONVERSION = YES;
				CLANG_WARN_COMMA = YES;
				CLANG_WARN_CONSTANT_CONVERSION = YES;
				CLANG_WARN_DEPRECATED_OBJC_IMPLEMENTATIONS = YES;
				CLANG_WARN_DIRECT_OBJC_ISA_USAGE = YES_ERROR;
				CLANG_WARN_DOCUMENTATION_COMMENTS = YES;
				CLANG_WARN_EMPTY_BODY = YES;
				CLANG_WARN_ENUM_CONVERSION = YES;
				CLANG_WARN_INFINITE_RECURSION = YES;
				CLANG_WARN_INT_CONVERSION = YES;
				CLANG_WARN_NON_LITERAL_NULL_CONVERSION = YES;
				CLANG_WARN_OBJC_IMPLICIT_RETAIN_SELF = YES;
				CLANG_WARN_OBJC_LITERAL_CONVERSION = YES;
				CLANG_WARN_OBJC_ROOT_CLASS = YES_ERROR;
				CLANG_WARN_QUOTED_INCLUDE_IN_FRAMEWORK_HEADER = YES;
				CLANG_WARN_RANGE_LOOP_ANALYSIS = YES;
				CLANG_WARN_STRICT_PROTOTYPES = YES;
				CLANG_WARN_SUSPICIOUS_MOVE = YES;
				CLANG_WARN_UNGUARDED_AVAILABILITY = YES_AGGRESSIVE;
				CLANG_WARN_UNREACHABLE_CODE = YES;
				CLANG_WARN__DUPLICATE_METHOD_MATCH = YES;
				COPY_PHASE_STRIP = NO;
				DEBUG_INFORMATION_FORMAT = "dwarf-with-dsym";
				ENABLE_STRICT_OBJC_MSGSEND = YES;
				ENABLE_TESTABILITY = YES;
				ENABLE_USER_SCRIPT_SANDBOXING = NO;
				GCC_C_LANGUAGE_STANDARD = gnu11;
				GCC_DYNAMIC_NO_PIC = NO;
				GCC_NO_COMMON_BLOCKS = YES;
				GCC_OPTIMIZATION_LEVEL = 0;
				GCC_PREPROCESSOR_DEFINITIONS = (
					"DEBUG=1",
					"$(inherited)",
				);
				GCC_WARN_64_TO_32_BIT_CONVERSION = YES;
				GCC_WARN_ABOUT_RETURN_TYPE = YES_ERROR;
				GCC_WARN_UNDECLARED_SELECTOR = YES;
				GCC_WARN_UNINITIALIZED_AUTOS = YES_AGGRESSIVE;
				GCC_WARN_UNUSED_FUNCTION = YES;
				GCC_WARN_UNUSED_VARIABLE = YES;
				IPHONEOS_DEPLOYMENT_TARGET = 15.3;
				MTL_ENABLE_DEBUG_INFO = INCLUDE_SOURCE;
				MTL_FAST_MATH = YES;
				ONLY_ACTIVE_ARCH = YES;
				SDKROOT = iphoneos;
				SWIFT_ACTIVE_COMPILATION_CONDITIONS = DEBUG;
				SWIFT_OPTIMIZATION_LEVEL = "-Onone";
			};
			name = Debug;
		};
		7555FFA4242A565B00829871 /* Release */ = {
			isa = XCBuildConfiguration;
			baseConfigurationReference = AB3632DC29227652001CCB65 /* Config.xcconfig */;
			buildSettings = {
				ALWAYS_SEARCH_USER_PATHS = NO;
				CLANG_ANALYZER_NONNULL = YES;
				CLANG_ANALYZER_NUMBER_OBJECT_CONVERSION = YES_AGGRESSIVE;
				CLANG_CXX_LANGUAGE_STANDARD = "gnu++14";
				CLANG_CXX_LIBRARY = "libc++";
				CLANG_ENABLE_MODULES = YES;
				CLANG_ENABLE_OBJC_ARC = YES;
				CLANG_ENABLE_OBJC_WEAK = YES;
				CLANG_WARN_BLOCK_CAPTURE_AUTORELEASING = YES;
				CLANG_WARN_BOOL_CONVERSION = YES;
				CLANG_WARN_COMMA = YES;
				CLANG_WARN_CONSTANT_CONVERSION = YES;
				CLANG_WARN_DEPRECATED_OBJC_IMPLEMENTATIONS = YES;
				CLANG_WARN_DIRECT_OBJC_ISA_USAGE = YES_ERROR;
				CLANG_WARN_DOCUMENTATION_COMMENTS = YES;
				CLANG_WARN_EMPTY_BODY = YES;
				CLANG_WARN_ENUM_CONVERSION = YES;
				CLANG_WARN_INFINITE_RECURSION = YES;
				CLANG_WARN_INT_CONVERSION = YES;
				CLANG_WARN_NON_LITERAL_NULL_CONVERSION = YES;
				CLANG_WARN_OBJC_IMPLICIT_RETAIN_SELF = YES;
				CLANG_WARN_OBJC_LITERAL_CONVERSION = YES;
				CLANG_WARN_OBJC_ROOT_CLASS = YES_ERROR;
				CLANG_WARN_QUOTED_INCLUDE_IN_FRAMEWORK_HEADER = YES;
				CLANG_WARN_RANGE_LOOP_ANALYSIS = YES;
				CLANG_WARN_STRICT_PROTOTYPES = YES;
				CLANG_WARN_SUSPICIOUS_MOVE = YES;
				CLANG_WARN_UNGUARDED_AVAILABILITY = YES_AGGRESSIVE;
				CLANG_WARN_UNREACHABLE_CODE = YES;
				CLANG_WARN__DUPLICATE_METHOD_MATCH = YES;
				COPY_PHASE_STRIP = NO;
				DEBUG_INFORMATION_FORMAT = "dwarf-with-dsym";
				ENABLE_NS_ASSERTIONS = NO;
				ENABLE_STRICT_OBJC_MSGSEND = YES;
				ENABLE_USER_SCRIPT_SANDBOXING = NO;
				GCC_C_LANGUAGE_STANDARD = gnu11;
				GCC_NO_COMMON_BLOCKS = YES;
				GCC_WARN_64_TO_32_BIT_CONVERSION = YES;
				GCC_WARN_ABOUT_RETURN_TYPE = YES_ERROR;
				GCC_WARN_UNDECLARED_SELECTOR = YES;
				GCC_WARN_UNINITIALIZED_AUTOS = YES_AGGRESSIVE;
				GCC_WARN_UNUSED_FUNCTION = YES;
				GCC_WARN_UNUSED_VARIABLE = YES;
				IPHONEOS_DEPLOYMENT_TARGET = 15.3;
				MTL_ENABLE_DEBUG_INFO = NO;
				MTL_FAST_MATH = YES;
				SDKROOT = iphoneos;
				SWIFT_COMPILATION_MODE = wholemodule;
				SWIFT_OPTIMIZATION_LEVEL = "-O";
				VALIDATE_PRODUCT = YES;
			};
			name = Release;
		};
		7555FFA6242A565B00829871 /* Debug */ = {
			isa = XCBuildConfiguration;
			buildSettings = {
				ASSETCATALOG_COMPILER_APPICON_NAME = AppIcon;
				CODE_SIGN_IDENTITY = "Apple Development";
				CODE_SIGN_STYLE = Automatic;
				DEVELOPMENT_ASSET_PATHS = "\"iosApp/Preview Content\"";
				DEVELOPMENT_TEAM = 2CU6SR888H;
				ENABLE_PREVIEWS = YES;
				FRAMEWORK_SEARCH_PATHS = (
					"$(inherited)",
					"$(SRCROOT)/../shared/build/xcode-frameworks/$(CONFIGURATION)/$(SDK_NAME)\n$(SRCROOT)/../composeApp/build/xcode-frameworks/$(CONFIGURATION)/$(SDK_NAME)",
				);
				INFOPLIST_FILE = iosApp/Info.plist;
				IPHONEOS_DEPLOYMENT_TARGET = 17.6;
				LD_RUNPATH_SEARCH_PATHS = (
					"$(inherited)",
					"@executable_path/Frameworks",
				);
				PRODUCT_BUNDLE_IDENTIFIER = "${BUNDLE_ID}${TEAM_ID}";
				PRODUCT_NAME = "${APP_NAME}";
				PROVISIONING_PROFILE_SPECIFIER = "";
				SWIFT_VERSION = 5.0;
				TARGETED_DEVICE_FAMILY = "1,2";
			};
			name = Debug;
		};
		7555FFA7242A565B00829871 /* Release */ = {
			isa = XCBuildConfiguration;
			buildSettings = {
				ASSETCATALOG_COMPILER_APPICON_NAME = AppIcon;
				CODE_SIGN_IDENTITY = "Apple Development";
				CODE_SIGN_STYLE = Automatic;
				DEVELOPMENT_ASSET_PATHS = "\"iosApp/Preview Content\"";
				DEVELOPMENT_TEAM = 2CU6SR888H;
				ENABLE_PREVIEWS = YES;
				FRAMEWORK_SEARCH_PATHS = (
					"$(inherited)",
					"$(SRCROOT)/../shared/build/xcode-frameworks/$(CONFIGURATION)/$(SDK_NAME)\n$(SRCROOT)/../composeApp/build/xcode-frameworks/$(CONFIGURATION)/$(SDK_NAME)",
				);
				INFOPLIST_FILE = iosApp/Info.plist;
				IPHONEOS_DEPLOYMENT_TARGET = 17.6;
				LD_RUNPATH_SEARCH_PATHS = (
					"$(inherited)",
					"@executable_path/Frameworks",
				);
				PRODUCT_BUNDLE_IDENTIFIER = "${BUNDLE_ID}${TEAM_ID}";
				PRODUCT_NAME = "${APP_NAME}";
				PROVISIONING_PROFILE_SPECIFIER = "";
				SWIFT_VERSION = 5.0;
				TARGETED_DEVICE_FAMILY = "1,2";
			};
			name = Release;
		};
/* End XCBuildConfiguration section */

/* Begin XCConfigurationList section */
		7555FF76242A565900829871 /* Build configuration list for PBXProject "iosApp" */ = {
			isa = XCConfigurationList;
			buildConfigurations = (
				7555FFA3242A565B00829871 /* Debug */,
				7555FFA4242A565B00829871 /* Release */,
			);
			defaultConfigurationIsVisible = 0;
			defaultConfigurationName = Release;
		};
		7555FFA5242A565B00829871 /* Build configuration list for PBXNativeTarget "iosApp" */ = {
			isa = XCConfigurationList;
			buildConfigurations = (
				7555FFA6242A565B00829871 /* Debug */,
				7555FFA7242A565B00829871 /* Release */,
			);
			defaultConfigurationIsVisible = 0;
			defaultConfigurationName = Release;
		};
/* End XCConfigurationList section */

/* Begin XCRemoteSwiftPackageReference section */
		3E36EA232DDBCF2B00369930 /* XCRemoteSwiftPackageReference "SwiftFormat" */ = {
			isa = XCRemoteSwiftPackageReference;
			repositoryURL = "https://github.com/nicklockwood/SwiftFormat";
			requirement = {
				kind = upToNextMajorVersion;
				minimumVersion = 0.56.1;
			};
		};
/* End XCRemoteSwiftPackageReference section */

/* Begin XCSwiftPackageProductDependency section */
		3E36EA242DDBCF2B00369930 /* SwiftFormat */ = {
			isa = XCSwiftPackageProductDependency;
			package = 3E36EA232DDBCF2B00369930 /* XCRemoteSwiftPackageReference "SwiftFormat" */;
			productName = SwiftFormat;
		};
/* End XCSwiftPackageProductDependency section */
	};
	rootObject = 7555FF73242A565900829871 /* Project object */;
}
